// !$*UTF8*$!
{
	archiveVersion = 1;
	classes = {
	};
	objectVersion = 46;
	objects = {

/* Begin PBXBuildFile section */
		811E00371835991D003C81B0 /* CoreLocation.framework in Frameworks */ = {isa = PBXBuildFile; fileRef = 811E00361835991D003C81B0 /* CoreLocation.framework */; };
		811E0039183599A2003C81B0 /* MapKit.framework in Frameworks */ = {isa = PBXBuildFile; fileRef = 811E0038183599A2003C81B0 /* MapKit.framework */; };
		813CB476183E1FAF00974776 /* Images.xcassets in Resources */ = {isa = PBXBuildFile; fileRef = 813CB475183E1FAF00974776 /* Images.xcassets */; };
		8149DFC017EBB2FD0092F8F9 /* QuartzCore.framework in Frameworks */ = {isa = PBXBuildFile; fileRef = 8149DFBF17EBB2FD0092F8F9 /* QuartzCore.framework */; };
		8149DFC917EBB4F90092F8F9 /* SystemConfiguration.framework in Frameworks */ = {isa = PBXBuildFile; fileRef = 8149DFC817EBB4F90092F8F9 /* SystemConfiguration.framework */; };
		8149DFCB17EBB5450092F8F9 /* MessageUI.framework in Frameworks */ = {isa = PBXBuildFile; fileRef = 8149DFCA17EBB5450092F8F9 /* MessageUI.framework */; };
		8149DFCD17EBB5780092F8F9 /* main.m in Sources */ = {isa = PBXBuildFile; fileRef = 8149DFCC17EBB5780092F8F9 /* main.m */; };
		816C4AB1183C0AEC00BE896C /* iphone_launch_320_480.png in Resources */ = {isa = PBXBuildFile; fileRef = 816C4AB0183C0AEC00BE896C /* iphone_launch_320_480.png */; };
		816C4AB3183C0B4C00BE896C /* iphone_launch_640_960.png in Resources */ = {isa = PBXBuildFile; fileRef = 816C4AB2183C0B4C00BE896C /* iphone_launch_640_960.png */; };
		816C4AB6183C160F00BE896C /* Splash4.png in Resources */ = {isa = PBXBuildFile; fileRef = 816C4AB4183C160F00BE896C /* Splash4.png */; };
		816C4AB7183C160F00BE896C /* Splash5.png in Resources */ = {isa = PBXBuildFile; fileRef = 816C4AB5183C160F00BE896C /* Splash5.png */; };
		8172E01A1834F2340040B4FF /* EventKitUI.framework in Frameworks */ = {isa = PBXBuildFile; fileRef = 8172E0191834F2340040B4FF /* EventKitUI.framework */; };
		81745A7517EBAEED008D2C2C /* CinequestAppDelegate.m in Sources */ = {isa = PBXBuildFile; fileRef = 81745A5017EBAEED008D2C2C /* CinequestAppDelegate.m */; };
		81745A7617EBAEED008D2C2C /* DDXMLDocument.m in Sources */ = {isa = PBXBuildFile; fileRef = 81745A5317EBAEED008D2C2C /* DDXMLDocument.m */; };
		81745A7717EBAEED008D2C2C /* DDXMLElement.m in Sources */ = {isa = PBXBuildFile; fileRef = 81745A5517EBAEED008D2C2C /* DDXMLElement.m */; };
		81745A7817EBAEED008D2C2C /* DDXMLElementAdditions.m in Sources */ = {isa = PBXBuildFile; fileRef = 81745A5717EBAEED008D2C2C /* DDXMLElementAdditions.m */; };
		81745A7917EBAEED008D2C2C /* DDXMLNode.m in Sources */ = {isa = PBXBuildFile; fileRef = 81745A5917EBAEED008D2C2C /* DDXMLNode.m */; };
		81745A7C17EBAEED008D2C2C /* EventDetailViewController.m in Sources */ = {isa = PBXBuildFile; fileRef = 81745A6017EBAEED008D2C2C /* EventDetailViewController.m */; };
		81745A7D17EBAEED008D2C2C /* EventsViewController.m in Sources */ = {isa = PBXBuildFile; fileRef = 81745A6217EBAEED008D2C2C /* EventsViewController.m */; };
		81745A7E17EBAEED008D2C2C /* FilmDetailController.m in Sources */ = {isa = PBXBuildFile; fileRef = 81745A6417EBAEED008D2C2C /* FilmDetailController.m */; };
		81745A7F17EBAEED008D2C2C /* FilmsViewController.m in Sources */ = {isa = PBXBuildFile; fileRef = 81745A6617EBAEED008D2C2C /* FilmsViewController.m */; };
		81745A8017EBAEED008D2C2C /* ForumsViewController.m in Sources */ = {isa = PBXBuildFile; fileRef = 81745A6817EBAEED008D2C2C /* ForumsViewController.m */; };
		81745A8317EBAEED008D2C2C /* MySchedulerViewController.m in Sources */ = {isa = PBXBuildFile; fileRef = 81745A6E17EBAEED008D2C2C /* MySchedulerViewController.m */; };
		81745A8417EBAEED008D2C2C /* NewsViewController.m in Sources */ = {isa = PBXBuildFile; fileRef = 81745A7017EBAEED008D2C2C /* NewsViewController.m */; };
		8180BE6E183AE0FE00DC8997 /* iphone_launch_640_1136.png in Resources */ = {isa = PBXBuildFile; fileRef = 8180BE6D183AE0FE00DC8997 /* iphone_launch_640_1136.png */; };
		8192CC6217EBC91D00DBE036 /* libxml2.dylib in Frameworks */ = {isa = PBXBuildFile; fileRef = 8192CC6117EBC91D00DBE036 /* libxml2.dylib */; };
		8192CC6417EBC92D00DBE036 /* libsqlite3.0.dylib in Frameworks */ = {isa = PBXBuildFile; fileRef = 8192CC6317EBC92D00DBE036 /* libsqlite3.0.dylib */; };
		81A496451845A50C0025CCBB /* twitter.png in Resources */ = {isa = PBXBuildFile; fileRef = 81A496371845A50C0025CCBB /* twitter.png */; };
		81A496461845A50C0025CCBB /* twitter@2x.png in Resources */ = {isa = PBXBuildFile; fileRef = 81A496381845A50C0025CCBB /* twitter@2x.png */; };
		81A496471845A50C0025CCBB /* facebook.png in Resources */ = {isa = PBXBuildFile; fileRef = 81A496391845A50C0025CCBB /* facebook.png */; };
		81A496481845A50C0025CCBB /* facebook@2x.png in Resources */ = {isa = PBXBuildFile; fileRef = 81A4963A1845A50C0025CCBB /* facebook@2x.png */; };
		81A496491845A50C0025CCBB /* link-Ticket.png in Resources */ = {isa = PBXBuildFile; fileRef = 81A4963B1845A50C0025CCBB /* link-Ticket.png */; };
		81A4964A1845A50C0025CCBB /* link-Ticket@2x.png in Resources */ = {isa = PBXBuildFile; fileRef = 81A4963C1845A50C0025CCBB /* link-Ticket@2x.png */; };
		81A4964B1845A50C0025CCBB /* mail.png in Resources */ = {isa = PBXBuildFile; fileRef = 81A4963D1845A50C0025CCBB /* mail.png */; };
		81A4964C1845A50C0025CCBB /* googleplus.png in Resources */ = {isa = PBXBuildFile; fileRef = 81A4963E1845A50C0025CCBB /* googleplus.png */; };
		81A4964D1845A50C0025CCBB /* googleplus@2x.png in Resources */ = {isa = PBXBuildFile; fileRef = 81A4963F1845A50C0025CCBB /* googleplus@2x.png */; };
		81A4964E1845A50C0025CCBB /* mail@2x.png in Resources */ = {isa = PBXBuildFile; fileRef = 81A496401845A50C0025CCBB /* mail@2x.png */; };
		81A4964F1845A50C0025CCBB /* maps.png in Resources */ = {isa = PBXBuildFile; fileRef = 81A496411845A50C0025CCBB /* maps.png */; };
		81A496501845A50C0025CCBB /* maps@2x.png in Resources */ = {isa = PBXBuildFile; fileRef = 81A496421845A50C0025CCBB /* maps@2x.png */; };
		81A496511845A50C0025CCBB /* phone-Ticket.png in Resources */ = {isa = PBXBuildFile; fileRef = 81A496431845A50C0025CCBB /* phone-Ticket.png */; };
		81A496521845A50C0025CCBB /* phone-Ticket@2x.png in Resources */ = {isa = PBXBuildFile; fileRef = 81A496441845A50C0025CCBB /* phone-Ticket@2x.png */; };
		81B12C65182B759E000D5200 /* EventDetailViewController.xib in Resources */ = {isa = PBXBuildFile; fileRef = 81C8B3A217EBABEE00033D4F /* EventDetailViewController.xib */; };
		81B12C66182B759E000D5200 /* EventsViewController.xib in Resources */ = {isa = PBXBuildFile; fileRef = 81C8B3A317EBABEE00033D4F /* EventsViewController.xib */; };
		81B12C67182B759E000D5200 /* FilmDetailController.xib in Resources */ = {isa = PBXBuildFile; fileRef = 81C8B3A417EBABEE00033D4F /* FilmDetailController.xib */; };
		81B12C68182B759E000D5200 /* FilmsViewController.xib in Resources */ = {isa = PBXBuildFile; fileRef = 81C8B3A517EBABEE00033D4F /* FilmsViewController.xib */; };
		81B12C69182B759E000D5200 /* ForumsViewController.xib in Resources */ = {isa = PBXBuildFile; fileRef = 81C8B3A617EBABEE00033D4F /* ForumsViewController.xib */; };
		81B12C6C182B759E000D5200 /* MySchedulerViewController.xib in Resources */ = {isa = PBXBuildFile; fileRef = 81C8B3AA17EBABEE00033D4F /* MySchedulerViewController.xib */; };
		81B32C91183C2AF9006D2D78 /* Default-568h@2x.png in Resources */ = {isa = PBXBuildFile; fileRef = 81B32C90183C2AF9006D2D78 /* Default-568h@2x.png */; };
		81B32C99183C2DF8006D2D78 /* logoSJSU.png in Resources */ = {isa = PBXBuildFile; fileRef = 81B32C98183C2DF8006D2D78 /* logoSJSU.png */; };
		81B7C4A8184D1358001F4B16 /* MapViewController.m in Sources */ = {isa = PBXBuildFile; fileRef = 81B7C4A6184D1358001F4B16 /* MapViewController.m */; };
		81B7C4A9184D1358001F4B16 /* MapViewController.xib in Resources */ = {isa = PBXBuildFile; fileRef = 81B7C4A7184D1358001F4B16 /* MapViewController.xib */; };
		81C52B85182B62F000D2F55D /* Reachability.m in Sources */ = {isa = PBXBuildFile; fileRef = 81C52B84182B62F000D2F55D /* Reachability.m */; };
		81C8B38217EBAB3200033D4F /* UIKit.framework in Frameworks */ = {isa = PBXBuildFile; fileRef = 81C8B38117EBAB3200033D4F /* UIKit.framework */; };
		81C8B38417EBAB3200033D4F /* Foundation.framework in Frameworks */ = {isa = PBXBuildFile; fileRef = 81C8B38317EBAB3200033D4F /* Foundation.framework */; };
		81C8B38617EBAB3200033D4F /* CoreGraphics.framework in Frameworks */ = {isa = PBXBuildFile; fileRef = 81C8B38517EBAB3200033D4F /* CoreGraphics.framework */; };
		81C8B3B417EBABEE00033D4F /* MainWindow.xib in Resources */ = {isa = PBXBuildFile; fileRef = 81C8B3A917EBABEE00033D4F /* MainWindow.xib */; };
		81C8B3B617EBABEE00033D4F /* NewsViewController.xib in Resources */ = {isa = PBXBuildFile; fileRef = 81C8B3AB17EBABEE00033D4F /* NewsViewController.xib */; };
		81C8B3D717EBAC2C00033D4F /* News.png in Resources */ = {isa = PBXBuildFile; fileRef = 81C8B3C317EBAC2C00033D4F /* News.png */; };
		81C8B3D817EBAC2C00033D4F /* events_icon_small.png in Resources */ = {isa = PBXBuildFile; fileRef = 81C8B3C417EBAC2C00033D4F /* events_icon_small.png */; };
		81C8B3D917EBAC2C00033D4F /* film_icon2.png in Resources */ = {isa = PBXBuildFile; fileRef = 81C8B3C517EBAC2C00033D4F /* film_icon2.png */; };
		81C8B3DE17EBAC2C00033D4F /* schedule.png in Resources */ = {isa = PBXBuildFile; fileRef = 81C8B3CA17EBAC2C00033D4F /* schedule.png */; };
		81C8B3E017EBAC2C00033D4F /* trans_forums_small.png in Resources */ = {isa = PBXBuildFile; fileRef = 81C8B3CC17EBAC2C00033D4F /* trans_forums_small.png */; };
		81D1EC3B182B892B003DD8BB /* StartupViewController.m in Sources */ = {isa = PBXBuildFile; fileRef = 81D1EC39182B892B003DD8BB /* StartupViewController.m */; };
		81D1EC3E182B8990003DD8BB /* StartupViewController.xib in Resources */ = {isa = PBXBuildFile; fileRef = 81D1EC3D182B8990003DD8BB /* StartupViewController.xib */; };
		81D6705C183E19D8007E9B99 /* iphone_icon_29.png in Resources */ = {isa = PBXBuildFile; fileRef = 81D67055183E19D8007E9B99 /* iphone_icon_29.png */; };
		81D6705D183E19D8007E9B99 /* iphone_icon_57.png in Resources */ = {isa = PBXBuildFile; fileRef = 81D67056183E19D8007E9B99 /* iphone_icon_57.png */; };
		81D6705E183E19D8007E9B99 /* iphone_icon_58.png in Resources */ = {isa = PBXBuildFile; fileRef = 81D67057183E19D8007E9B99 /* iphone_icon_58.png */; };
		81D6705F183E19D8007E9B99 /* iphone_icon_80.png in Resources */ = {isa = PBXBuildFile; fileRef = 81D67058183E19D8007E9B99 /* iphone_icon_80.png */; };
		81D67060183E19D8007E9B99 /* iphone_icon_114.png in Resources */ = {isa = PBXBuildFile; fileRef = 81D67059183E19D8007E9B99 /* iphone_icon_114.png */; };
		81D67061183E19D8007E9B99 /* iphone_icon_120.png in Resources */ = {isa = PBXBuildFile; fileRef = 81D6705A183E19D8007E9B99 /* iphone_icon_120.png */; };
		81D67062183E19D8007E9B99 /* iphone_icon_512.jpg in Resources */ = {isa = PBXBuildFile; fileRef = 81D6705B183E19D8007E9B99 /* iphone_icon_512.jpg */; };
		81FBC133182DA37900C01783 /* DataProvider.m in Sources */ = {isa = PBXBuildFile; fileRef = 81FBC132182DA37900C01783 /* DataProvider.m */; };
		935D58D4183CE0E300BE904F /* VenueParser.m in Sources */ = {isa = PBXBuildFile; fileRef = 935D58D3183CE0E300BE904F /* VenueParser.m */; };
		935D58D6183CE26000BE904F /* News@2x.png in Resources */ = {isa = PBXBuildFile; fileRef = 935D58D5183CE26000BE904F /* News@2x.png */; };
		93E4E09F182BAFE900515A84 /* EventKit.framework in Frameworks */ = {isa = PBXBuildFile; fileRef = 93E4E09E182BAFE900515A84 /* EventKit.framework */; };
		93E4E0A4182BB1A200515A84 /* cal_selected.png in Resources */ = {isa = PBXBuildFile; fileRef = 93E4E0A0182BB1A200515A84 /* cal_selected.png */; };
		93E4E0A5182BB1A200515A84 /* cal_selected@2x.png in Resources */ = {isa = PBXBuildFile; fileRef = 93E4E0A1182BB1A200515A84 /* cal_selected@2x.png */; };
		93E4E0A6182BB1A200515A84 /* cal_unselected.png in Resources */ = {isa = PBXBuildFile; fileRef = 93E4E0A2182BB1A200515A84 /* cal_unselected.png */; };
		93E4E0A7182BB1A200515A84 /* cal_unselected@2x.png in Resources */ = {isa = PBXBuildFile; fileRef = 93E4E0A3182BB1A200515A84 /* cal_unselected@2x.png */; };
		93F451D417FDEE6C0091CEE7 /* Social.framework in Frameworks */ = {isa = PBXBuildFile; fileRef = 93F451D317FDEE6C0091CEE7 /* Social.framework */; };
		C27139381828E8C900BF8DCB /* XCTest.framework in Frameworks */ = {isa = PBXBuildFile; fileRef = C27139371828E8C900BF8DCB /* XCTest.framework */; };
		C27139391828E8C900BF8DCB /* Foundation.framework in Frameworks */ = {isa = PBXBuildFile; fileRef = 81C8B38317EBAB3200033D4F /* Foundation.framework */; };
		C271393A1828E8C900BF8DCB /* UIKit.framework in Frameworks */ = {isa = PBXBuildFile; fileRef = 81C8B38117EBAB3200033D4F /* UIKit.framework */; };
		C27139401828E8C900BF8DCB /* InfoPlist.strings in Resources */ = {isa = PBXBuildFile; fileRef = C271393E1828E8C900BF8DCB /* InfoPlist.strings */; };
		C27139421828E8C900BF8DCB /* List_of_Shows_Tests.m in Sources */ = {isa = PBXBuildFile; fileRef = C27139411828E8C900BF8DCB /* List_of_Shows_Tests.m */; };
		C27BC6D8182A1E26006F7D25 /* VenueLocation.m in Sources */ = {isa = PBXBuildFile; fileRef = C27BC6D7182A1E26006F7D25 /* VenueLocation.m */; };
		C27BC6DB182A3734006F7D25 /* Schedule.m in Sources */ = {isa = PBXBuildFile; fileRef = C27BC6DA182A3734006F7D25 /* Schedule.m */; };
		C2B86DF41844C01A0088A958 /* Forum.m in Sources */ = {isa = PBXBuildFile; fileRef = C2B86DF31844C01A0088A958 /* Forum.m */; };
		C2B86DF71844C0350088A958 /* Special.m in Sources */ = {isa = PBXBuildFile; fileRef = C2B86DF61844C0350088A958 /* Special.m */; };
		C2B86DFA1847AC560088A958 /* NewFestivalParser.m in Sources */ = {isa = PBXBuildFile; fileRef = C2B86DF91847AC560088A958 /* NewFestivalParser.m */; };
		C2D6DC1A182975E5005A6897 /* Festival.m in Sources */ = {isa = PBXBuildFile; fileRef = C2D6DC19182975E5005A6897 /* Festival.m */; };
		C2D6DC211829771E005A6897 /* Show.m in Sources */ = {isa = PBXBuildFile; fileRef = C2D6DC1C1829771E005A6897 /* Show.m */; };
		C2D6DC221829771E005A6897 /* Showing.m in Sources */ = {isa = PBXBuildFile; fileRef = C2D6DC1E1829771E005A6897 /* Showing.m */; };
		C2D6DC231829771E005A6897 /* Venue.m in Sources */ = {isa = PBXBuildFile; fileRef = C2D6DC201829771E005A6897 /* Venue.m */; };
		C2D6DC291829B8BF005A6897 /* Film.m in Sources */ = {isa = PBXBuildFile; fileRef = C2D6DC281829B8BF005A6897 /* Film.m */; };
		C2D6DC2C1829E0F7005A6897 /* CinequestItem.m in Sources */ = {isa = PBXBuildFile; fileRef = C2D6DC2B1829E0F7005A6897 /* CinequestItem.m */; };
		C2D6DC2F1829E1CE005A6897 /* ProgramItem.m in Sources */ = {isa = PBXBuildFile; fileRef = C2D6DC2E1829E1CE005A6897 /* ProgramItem.m */; };
		C2D6DC311829E999005A6897 /* FestivalParserTest.m in Sources */ = {isa = PBXBuildFile; fileRef = C2D6DC301829E999005A6897 /* FestivalParserTest.m */; };
/* End PBXBuildFile section */

/* Begin PBXContainerItemProxy section */
		C27139441828E8C900BF8DCB /* PBXContainerItemProxy */ = {
			isa = PBXContainerItemProxy;
			containerPortal = 81C8B37617EBAB3200033D4F /* Project object */;
			proxyType = 1;
			remoteGlobalIDString = 81C8B37D17EBAB3200033D4F;
			remoteInfo = Cinequest;
		};
/* End PBXContainerItemProxy section */

/* Begin PBXFileReference section */
		811E00361835991D003C81B0 /* CoreLocation.framework */ = {isa = PBXFileReference; lastKnownFileType = wrapper.framework; name = CoreLocation.framework; path = System/Library/Frameworks/CoreLocation.framework; sourceTree = SDKROOT; };
		811E0038183599A2003C81B0 /* MapKit.framework */ = {isa = PBXFileReference; lastKnownFileType = wrapper.framework; name = MapKit.framework; path = System/Library/Frameworks/MapKit.framework; sourceTree = SDKROOT; };
		813CB475183E1FAF00974776 /* Images.xcassets */ = {isa = PBXFileReference; lastKnownFileType = folder.assetcatalog; name = Images.xcassets; path = images/Images.xcassets; sourceTree = SOURCE_ROOT; };
		8149DFBF17EBB2FD0092F8F9 /* QuartzCore.framework */ = {isa = PBXFileReference; lastKnownFileType = wrapper.framework; name = QuartzCore.framework; path = System/Library/Frameworks/QuartzCore.framework; sourceTree = SDKROOT; };
		8149DFC817EBB4F90092F8F9 /* SystemConfiguration.framework */ = {isa = PBXFileReference; lastKnownFileType = wrapper.framework; name = SystemConfiguration.framework; path = System/Library/Frameworks/SystemConfiguration.framework; sourceTree = SDKROOT; };
		8149DFCA17EBB5450092F8F9 /* MessageUI.framework */ = {isa = PBXFileReference; lastKnownFileType = wrapper.framework; name = MessageUI.framework; path = System/Library/Frameworks/MessageUI.framework; sourceTree = SDKROOT; };
		8149DFCC17EBB5780092F8F9 /* main.m */ = {isa = PBXFileReference; fileEncoding = 4; lastKnownFileType = sourcecode.c.objc; name = main.m; path = sources/main.m; sourceTree = SOURCE_ROOT; };
		815A275018161A5500D9CDCE /* New Features and Bugs.webloc */ = {isa = PBXFileReference; lastKnownFileType = file.bplist; path = "New Features and Bugs.webloc"; sourceTree = "<group>"; };
		816C4AB0183C0AEC00BE896C /* iphone_launch_320_480.png */ = {isa = PBXFileReference; lastKnownFileType = image.png; name = iphone_launch_320_480.png; path = images/iphone_launch_320_480.png; sourceTree = SOURCE_ROOT; };
		816C4AB2183C0B4C00BE896C /* iphone_launch_640_960.png */ = {isa = PBXFileReference; lastKnownFileType = image.png; name = iphone_launch_640_960.png; path = images/iphone_launch_640_960.png; sourceTree = SOURCE_ROOT; };
		816C4AB4183C160F00BE896C /* Splash4.png */ = {isa = PBXFileReference; lastKnownFileType = image.png; name = Splash4.png; path = images/Splash4.png; sourceTree = SOURCE_ROOT; };
		816C4AB5183C160F00BE896C /* Splash5.png */ = {isa = PBXFileReference; lastKnownFileType = image.png; name = Splash5.png; path = images/Splash5.png; sourceTree = SOURCE_ROOT; };
		8172E0191834F2340040B4FF /* EventKitUI.framework */ = {isa = PBXFileReference; lastKnownFileType = wrapper.framework; name = EventKitUI.framework; path = System/Library/Frameworks/EventKitUI.framework; sourceTree = SDKROOT; };
		81745A4E17EBAEED008D2C2C /* Cinequest-Prefix.pch */ = {isa = PBXFileReference; fileEncoding = 4; lastKnownFileType = sourcecode.c.h; name = "Cinequest-Prefix.pch"; path = "sources/Cinequest-Prefix.pch"; sourceTree = SOURCE_ROOT; };
		81745A4F17EBAEED008D2C2C /* CinequestAppDelegate.h */ = {isa = PBXFileReference; fileEncoding = 4; lastKnownFileType = sourcecode.c.h; name = CinequestAppDelegate.h; path = sources/CinequestAppDelegate.h; sourceTree = SOURCE_ROOT; };
		81745A5017EBAEED008D2C2C /* CinequestAppDelegate.m */ = {isa = PBXFileReference; fileEncoding = 4; lastKnownFileType = sourcecode.c.objc; name = CinequestAppDelegate.m; path = sources/CinequestAppDelegate.m; sourceTree = SOURCE_ROOT; };
		81745A5117EBAEED008D2C2C /* DDXML.h */ = {isa = PBXFileReference; fileEncoding = 4; lastKnownFileType = sourcecode.c.h; name = DDXML.h; path = sources/DDXML.h; sourceTree = SOURCE_ROOT; };
		81745A5217EBAEED008D2C2C /* DDXMLDocument.h */ = {isa = PBXFileReference; fileEncoding = 4; lastKnownFileType = sourcecode.c.h; name = DDXMLDocument.h; path = sources/DDXMLDocument.h; sourceTree = SOURCE_ROOT; };
		81745A5317EBAEED008D2C2C /* DDXMLDocument.m */ = {isa = PBXFileReference; fileEncoding = 4; lastKnownFileType = sourcecode.c.objc; name = DDXMLDocument.m; path = sources/DDXMLDocument.m; sourceTree = SOURCE_ROOT; };
		81745A5417EBAEED008D2C2C /* DDXMLElement.h */ = {isa = PBXFileReference; fileEncoding = 4; lastKnownFileType = sourcecode.c.h; name = DDXMLElement.h; path = sources/DDXMLElement.h; sourceTree = SOURCE_ROOT; };
		81745A5517EBAEED008D2C2C /* DDXMLElement.m */ = {isa = PBXFileReference; fileEncoding = 4; lastKnownFileType = sourcecode.c.objc; name = DDXMLElement.m; path = sources/DDXMLElement.m; sourceTree = SOURCE_ROOT; };
		81745A5617EBAEED008D2C2C /* DDXMLElementAdditions.h */ = {isa = PBXFileReference; fileEncoding = 4; lastKnownFileType = sourcecode.c.h; name = DDXMLElementAdditions.h; path = sources/DDXMLElementAdditions.h; sourceTree = SOURCE_ROOT; };
		81745A5717EBAEED008D2C2C /* DDXMLElementAdditions.m */ = {isa = PBXFileReference; fileEncoding = 4; lastKnownFileType = sourcecode.c.objc; name = DDXMLElementAdditions.m; path = sources/DDXMLElementAdditions.m; sourceTree = SOURCE_ROOT; };
		81745A5817EBAEED008D2C2C /* DDXMLNode.h */ = {isa = PBXFileReference; fileEncoding = 4; lastKnownFileType = sourcecode.c.h; name = DDXMLNode.h; path = sources/DDXMLNode.h; sourceTree = SOURCE_ROOT; };
		81745A5917EBAEED008D2C2C /* DDXMLNode.m */ = {isa = PBXFileReference; fileEncoding = 4; lastKnownFileType = sourcecode.c.objc; name = DDXMLNode.m; path = sources/DDXMLNode.m; sourceTree = SOURCE_ROOT; };
		81745A5A17EBAEED008D2C2C /* DDXMLPrivate.h */ = {isa = PBXFileReference; fileEncoding = 4; lastKnownFileType = sourcecode.c.h; name = DDXMLPrivate.h; path = sources/DDXMLPrivate.h; sourceTree = SOURCE_ROOT; };
		81745A5B17EBAEED008D2C2C /* DVD.h */ = {isa = PBXFileReference; fileEncoding = 4; lastKnownFileType = sourcecode.c.h; name = DVD.h; path = sources/DVD.h; sourceTree = SOURCE_ROOT; };
		81745A5C17EBAEED008D2C2C /* DVD.m */ = {isa = PBXFileReference; fileEncoding = 4; lastKnownFileType = sourcecode.c.objc; name = DVD.m; path = sources/DVD.m; sourceTree = SOURCE_ROOT; };
		81745A5D17EBAEED008D2C2C /* DVDsViewController.h */ = {isa = PBXFileReference; fileEncoding = 4; lastKnownFileType = sourcecode.c.h; name = DVDsViewController.h; path = sources/DVDsViewController.h; sourceTree = SOURCE_ROOT; };
		81745A5E17EBAEED008D2C2C /* DVDsViewController.m */ = {isa = PBXFileReference; fileEncoding = 4; lastKnownFileType = sourcecode.c.objc; name = DVDsViewController.m; path = sources/DVDsViewController.m; sourceTree = SOURCE_ROOT; };
		81745A5F17EBAEED008D2C2C /* EventDetailViewController.h */ = {isa = PBXFileReference; fileEncoding = 4; lastKnownFileType = sourcecode.c.h; name = EventDetailViewController.h; path = sources/EventDetailViewController.h; sourceTree = SOURCE_ROOT; };
		81745A6017EBAEED008D2C2C /* EventDetailViewController.m */ = {isa = PBXFileReference; fileEncoding = 4; lastKnownFileType = sourcecode.c.objc; name = EventDetailViewController.m; path = sources/EventDetailViewController.m; sourceTree = SOURCE_ROOT; };
		81745A6117EBAEED008D2C2C /* EventsViewController.h */ = {isa = PBXFileReference; fileEncoding = 4; lastKnownFileType = sourcecode.c.h; name = EventsViewController.h; path = sources/EventsViewController.h; sourceTree = SOURCE_ROOT; };
		81745A6217EBAEED008D2C2C /* EventsViewController.m */ = {isa = PBXFileReference; fileEncoding = 4; lastKnownFileType = sourcecode.c.objc; name = EventsViewController.m; path = sources/EventsViewController.m; sourceTree = SOURCE_ROOT; };
		81745A6317EBAEED008D2C2C /* FilmDetailController.h */ = {isa = PBXFileReference; fileEncoding = 4; lastKnownFileType = sourcecode.c.h; name = FilmDetailController.h; path = sources/FilmDetailController.h; sourceTree = SOURCE_ROOT; };
		81745A6417EBAEED008D2C2C /* FilmDetailController.m */ = {isa = PBXFileReference; fileEncoding = 4; lastKnownFileType = sourcecode.c.objc; name = FilmDetailController.m; path = sources/FilmDetailController.m; sourceTree = SOURCE_ROOT; };
		81745A6517EBAEED008D2C2C /* FilmsViewController.h */ = {isa = PBXFileReference; fileEncoding = 4; lastKnownFileType = sourcecode.c.h; name = FilmsViewController.h; path = sources/FilmsViewController.h; sourceTree = SOURCE_ROOT; };
		81745A6617EBAEED008D2C2C /* FilmsViewController.m */ = {isa = PBXFileReference; fileEncoding = 4; lastKnownFileType = sourcecode.c.objc; name = FilmsViewController.m; path = sources/FilmsViewController.m; sourceTree = SOURCE_ROOT; };
		81745A6717EBAEED008D2C2C /* ForumsViewController.h */ = {isa = PBXFileReference; fileEncoding = 4; lastKnownFileType = sourcecode.c.h; name = ForumsViewController.h; path = sources/ForumsViewController.h; sourceTree = SOURCE_ROOT; };
		81745A6817EBAEED008D2C2C /* ForumsViewController.m */ = {isa = PBXFileReference; fileEncoding = 4; lastKnownFileType = sourcecode.c.objc; name = ForumsViewController.m; path = sources/ForumsViewController.m; sourceTree = SOURCE_ROOT; };
		81745A6917EBAEED008D2C2C /* LoadDataViewController.h */ = {isa = PBXFileReference; fileEncoding = 4; lastKnownFileType = sourcecode.c.h; name = LoadDataViewController.h; path = sources/LoadDataViewController.h; sourceTree = SOURCE_ROOT; };
		81745A6A17EBAEED008D2C2C /* LoadDataViewController.m */ = {isa = PBXFileReference; fileEncoding = 4; lastKnownFileType = sourcecode.c.objc; name = LoadDataViewController.m; path = sources/LoadDataViewController.m; sourceTree = SOURCE_ROOT; };
		81745A6B17EBAEED008D2C2C /* LogInViewController.h */ = {isa = PBXFileReference; fileEncoding = 4; lastKnownFileType = sourcecode.c.h; name = LogInViewController.h; path = sources/LogInViewController.h; sourceTree = SOURCE_ROOT; };
		81745A6C17EBAEED008D2C2C /* LogInViewController.m */ = {isa = PBXFileReference; fileEncoding = 4; lastKnownFileType = sourcecode.c.objc; name = LogInViewController.m; path = sources/LogInViewController.m; sourceTree = SOURCE_ROOT; };
		81745A6D17EBAEED008D2C2C /* MySchedulerViewController.h */ = {isa = PBXFileReference; fileEncoding = 4; lastKnownFileType = sourcecode.c.h; name = MySchedulerViewController.h; path = sources/MySchedulerViewController.h; sourceTree = SOURCE_ROOT; };
		81745A6E17EBAEED008D2C2C /* MySchedulerViewController.m */ = {isa = PBXFileReference; fileEncoding = 4; lastKnownFileType = sourcecode.c.objc; name = MySchedulerViewController.m; path = sources/MySchedulerViewController.m; sourceTree = SOURCE_ROOT; };
		81745A6F17EBAEED008D2C2C /* NewsViewController.h */ = {isa = PBXFileReference; fileEncoding = 4; lastKnownFileType = sourcecode.c.h; name = NewsViewController.h; path = sources/NewsViewController.h; sourceTree = SOURCE_ROOT; };
		81745A7017EBAEED008D2C2C /* NewsViewController.m */ = {isa = PBXFileReference; fileEncoding = 4; lastKnownFileType = sourcecode.c.objc; name = NewsViewController.m; path = sources/NewsViewController.m; sourceTree = SOURCE_ROOT; };
		81745A7117EBAEED008D2C2C /* NSStringAdditions.h */ = {isa = PBXFileReference; fileEncoding = 4; lastKnownFileType = sourcecode.c.h; name = NSStringAdditions.h; path = sources/NSStringAdditions.h; sourceTree = SOURCE_ROOT; };
		81745A7217EBAEED008D2C2C /* NSStringAdditions.m */ = {isa = PBXFileReference; fileEncoding = 4; lastKnownFileType = sourcecode.c.objc; name = NSStringAdditions.m; path = sources/NSStringAdditions.m; sourceTree = SOURCE_ROOT; };
		8180BE6D183AE0FE00DC8997 /* iphone_launch_640_1136.png */ = {isa = PBXFileReference; lastKnownFileType = image.png; name = iphone_launch_640_1136.png; path = images/iphone_launch_640_1136.png; sourceTree = SOURCE_ROOT; };
		8192CC6117EBC91D00DBE036 /* libxml2.dylib */ = {isa = PBXFileReference; lastKnownFileType = "compiled.mach-o.dylib"; name = libxml2.dylib; path = usr/lib/libxml2.dylib; sourceTree = SDKROOT; };
		8192CC6317EBC92D00DBE036 /* libsqlite3.0.dylib */ = {isa = PBXFileReference; lastKnownFileType = "compiled.mach-o.dylib"; name = libsqlite3.0.dylib; path = usr/lib/libsqlite3.0.dylib; sourceTree = SDKROOT; };
		81A496371845A50C0025CCBB /* twitter.png */ = {isa = PBXFileReference; lastKnownFileType = image.png; name = twitter.png; path = images/twitter.png; sourceTree = SOURCE_ROOT; };
		81A496381845A50C0025CCBB /* twitter@2x.png */ = {isa = PBXFileReference; lastKnownFileType = image.png; name = "twitter@2x.png"; path = "images/twitter@2x.png"; sourceTree = SOURCE_ROOT; };
		81A496391845A50C0025CCBB /* facebook.png */ = {isa = PBXFileReference; lastKnownFileType = image.png; name = facebook.png; path = images/facebook.png; sourceTree = SOURCE_ROOT; };
		81A4963A1845A50C0025CCBB /* facebook@2x.png */ = {isa = PBXFileReference; lastKnownFileType = image.png; name = "facebook@2x.png"; path = "images/facebook@2x.png"; sourceTree = SOURCE_ROOT; };
		81A4963B1845A50C0025CCBB /* link-Ticket.png */ = {isa = PBXFileReference; lastKnownFileType = image.png; name = "link-Ticket.png"; path = "images/link-Ticket.png"; sourceTree = SOURCE_ROOT; };
		81A4963C1845A50C0025CCBB /* link-Ticket@2x.png */ = {isa = PBXFileReference; lastKnownFileType = image.png; name = "link-Ticket@2x.png"; path = "images/link-Ticket@2x.png"; sourceTree = SOURCE_ROOT; };
		81A4963D1845A50C0025CCBB /* mail.png */ = {isa = PBXFileReference; lastKnownFileType = image.png; name = mail.png; path = images/mail.png; sourceTree = SOURCE_ROOT; };
		81A4963E1845A50C0025CCBB /* googleplus.png */ = {isa = PBXFileReference; lastKnownFileType = image.png; name = googleplus.png; path = images/googleplus.png; sourceTree = SOURCE_ROOT; };
		81A4963F1845A50C0025CCBB /* googleplus@2x.png */ = {isa = PBXFileReference; lastKnownFileType = image.png; name = "googleplus@2x.png"; path = "images/googleplus@2x.png"; sourceTree = SOURCE_ROOT; };
		81A496401845A50C0025CCBB /* mail@2x.png */ = {isa = PBXFileReference; lastKnownFileType = image.png; name = "mail@2x.png"; path = "images/mail@2x.png"; sourceTree = SOURCE_ROOT; };
		81A496411845A50C0025CCBB /* maps.png */ = {isa = PBXFileReference; lastKnownFileType = image.png; name = maps.png; path = images/maps.png; sourceTree = SOURCE_ROOT; };
		81A496421845A50C0025CCBB /* maps@2x.png */ = {isa = PBXFileReference; lastKnownFileType = image.png; name = "maps@2x.png"; path = "images/maps@2x.png"; sourceTree = SOURCE_ROOT; };
		81A496431845A50C0025CCBB /* phone-Ticket.png */ = {isa = PBXFileReference; lastKnownFileType = image.png; name = "phone-Ticket.png"; path = "images/phone-Ticket.png"; sourceTree = SOURCE_ROOT; };
		81A496441845A50C0025CCBB /* phone-Ticket@2x.png */ = {isa = PBXFileReference; lastKnownFileType = image.png; name = "phone-Ticket@2x.png"; path = "images/phone-Ticket@2x.png"; sourceTree = SOURCE_ROOT; };
		81B32C90183C2AF9006D2D78 /* Default-568h@2x.png */ = {isa = PBXFileReference; lastKnownFileType = image.png; name = "Default-568h@2x.png"; path = "images/Default-568h@2x.png"; sourceTree = SOURCE_ROOT; };
		81B32C98183C2DF8006D2D78 /* logoSJSU.png */ = {isa = PBXFileReference; lastKnownFileType = image.png; name = logoSJSU.png; path = images/logoSJSU.png; sourceTree = SOURCE_ROOT; };
		81B7C4A5184D1358001F4B16 /* MapViewController.h */ = {isa = PBXFileReference; fileEncoding = 4; lastKnownFileType = sourcecode.c.h; name = MapViewController.h; path = sources/MapViewController.h; sourceTree = SOURCE_ROOT; };
		81B7C4A6184D1358001F4B16 /* MapViewController.m */ = {isa = PBXFileReference; fileEncoding = 4; lastKnownFileType = sourcecode.c.objc; name = MapViewController.m; path = sources/MapViewController.m; sourceTree = SOURCE_ROOT; };
		81B7C4A7184D1358001F4B16 /* MapViewController.xib */ = {isa = PBXFileReference; fileEncoding = 4; lastKnownFileType = file.xib; name = MapViewController.xib; path = sources/MapViewController.xib; sourceTree = SOURCE_ROOT; };
		81C52B83182B62F000D2F55D /* Reachability.h */ = {isa = PBXFileReference; fileEncoding = 4; lastKnownFileType = sourcecode.c.h; name = Reachability.h; path = sources/Reachability.h; sourceTree = SOURCE_ROOT; };
		81C52B84182B62F000D2F55D /* Reachability.m */ = {isa = PBXFileReference; fileEncoding = 4; lastKnownFileType = sourcecode.c.objc; name = Reachability.m; path = sources/Reachability.m; sourceTree = SOURCE_ROOT; };
		81C8B37E17EBAB3200033D4F /* Cinequest.app */ = {isa = PBXFileReference; explicitFileType = wrapper.application; includeInIndex = 0; path = Cinequest.app; sourceTree = BUILT_PRODUCTS_DIR; };
		81C8B38117EBAB3200033D4F /* UIKit.framework */ = {isa = PBXFileReference; lastKnownFileType = wrapper.framework; name = UIKit.framework; path = System/Library/Frameworks/UIKit.framework; sourceTree = SDKROOT; };
		81C8B38317EBAB3200033D4F /* Foundation.framework */ = {isa = PBXFileReference; lastKnownFileType = wrapper.framework; name = Foundation.framework; path = System/Library/Frameworks/Foundation.framework; sourceTree = SDKROOT; };
		81C8B38517EBAB3200033D4F /* CoreGraphics.framework */ = {isa = PBXFileReference; lastKnownFileType = wrapper.framework; name = CoreGraphics.framework; path = System/Library/Frameworks/CoreGraphics.framework; sourceTree = SDKROOT; };
		81C8B3A117EBABEE00033D4F /* DVDsViewController.xib */ = {isa = PBXFileReference; fileEncoding = 4; lastKnownFileType = file.xib; name = DVDsViewController.xib; path = resources/DVDsViewController.xib; sourceTree = SOURCE_ROOT; };
		81C8B3A217EBABEE00033D4F /* EventDetailViewController.xib */ = {isa = PBXFileReference; fileEncoding = 4; lastKnownFileType = file.xib; name = EventDetailViewController.xib; path = resources/EventDetailViewController.xib; sourceTree = SOURCE_ROOT; };
		81C8B3A317EBABEE00033D4F /* EventsViewController.xib */ = {isa = PBXFileReference; fileEncoding = 4; lastKnownFileType = file.xib; name = EventsViewController.xib; path = resources/EventsViewController.xib; sourceTree = SOURCE_ROOT; };
		81C8B3A417EBABEE00033D4F /* FilmDetailController.xib */ = {isa = PBXFileReference; fileEncoding = 4; lastKnownFileType = file.xib; name = FilmDetailController.xib; path = resources/FilmDetailController.xib; sourceTree = SOURCE_ROOT; };
		81C8B3A517EBABEE00033D4F /* FilmsViewController.xib */ = {isa = PBXFileReference; fileEncoding = 4; lastKnownFileType = file.xib; name = FilmsViewController.xib; path = resources/FilmsViewController.xib; sourceTree = SOURCE_ROOT; };
		81C8B3A617EBABEE00033D4F /* ForumsViewController.xib */ = {isa = PBXFileReference; fileEncoding = 4; lastKnownFileType = file.xib; name = ForumsViewController.xib; path = resources/ForumsViewController.xib; sourceTree = SOURCE_ROOT; };
		81C8B3A717EBABEE00033D4F /* LoadDataViewController.xib */ = {isa = PBXFileReference; fileEncoding = 4; lastKnownFileType = file.xib; name = LoadDataViewController.xib; path = resources/LoadDataViewController.xib; sourceTree = SOURCE_ROOT; };
		81C8B3A817EBABEE00033D4F /* LogInViewController.xib */ = {isa = PBXFileReference; fileEncoding = 4; lastKnownFileType = file.xib; name = LogInViewController.xib; path = resources/LogInViewController.xib; sourceTree = SOURCE_ROOT; };
		81C8B3A917EBABEE00033D4F /* MainWindow.xib */ = {isa = PBXFileReference; fileEncoding = 4; lastKnownFileType = file.xib; name = MainWindow.xib; path = resources/MainWindow.xib; sourceTree = SOURCE_ROOT; };
		81C8B3AA17EBABEE00033D4F /* MySchedulerViewController.xib */ = {isa = PBXFileReference; fileEncoding = 4; lastKnownFileType = file.xib; name = MySchedulerViewController.xib; path = resources/MySchedulerViewController.xib; sourceTree = SOURCE_ROOT; };
		81C8B3AB17EBABEE00033D4F /* NewsViewController.xib */ = {isa = PBXFileReference; fileEncoding = 4; lastKnownFileType = file.xib; name = NewsViewController.xib; path = resources/NewsViewController.xib; sourceTree = SOURCE_ROOT; };
		81C8B3BA17EBAC2C00033D4F /* checkbox-checked.png */ = {isa = PBXFileReference; lastKnownFileType = image.png; name = "checkbox-checked.png"; path = "images/checkbox-checked.png"; sourceTree = SOURCE_ROOT; };
		81C8B3BB17EBAC2C00033D4F /* checkbox-pressed.png */ = {isa = PBXFileReference; lastKnownFileType = image.png; name = "checkbox-pressed.png"; path = "images/checkbox-pressed.png"; sourceTree = SOURCE_ROOT; };
		81C8B3BC17EBAC2C00033D4F /* checkbox.png */ = {isa = PBXFileReference; lastKnownFileType = image.png; name = checkbox.png; path = images/checkbox.png; sourceTree = SOURCE_ROOT; };
		81C8B3BD17EBAC2C00033D4F /* checked.png */ = {isa = PBXFileReference; lastKnownFileType = image.png; name = checked.png; path = images/checked.png; sourceTree = SOURCE_ROOT; };
		81C8B3BE17EBAC2C00033D4F /* cq_logo.png */ = {isa = PBXFileReference; lastKnownFileType = image.png; name = cq_logo.png; path = images/cq_logo.png; sourceTree = SOURCE_ROOT; };
		81C8B3C317EBAC2C00033D4F /* News.png */ = {isa = PBXFileReference; lastKnownFileType = image.png; name = News.png; path = images/News.png; sourceTree = SOURCE_ROOT; };
		81C8B3C417EBAC2C00033D4F /* events_icon_small.png */ = {isa = PBXFileReference; lastKnownFileType = image.png; name = events_icon_small.png; path = images/events_icon_small.png; sourceTree = SOURCE_ROOT; };
		81C8B3C517EBAC2C00033D4F /* film_icon2.png */ = {isa = PBXFileReference; lastKnownFileType = image.png; name = film_icon2.png; path = images/film_icon2.png; sourceTree = SOURCE_ROOT; };
		81C8B3CA17EBAC2C00033D4F /* schedule.png */ = {isa = PBXFileReference; lastKnownFileType = image.png; name = schedule.png; path = images/schedule.png; sourceTree = SOURCE_ROOT; };
		81C8B3CC17EBAC2C00033D4F /* trans_forums_small.png */ = {isa = PBXFileReference; lastKnownFileType = image.png; name = trans_forums_small.png; path = images/trans_forums_small.png; sourceTree = SOURCE_ROOT; };
		81C8B3CD17EBAC2C00033D4F /* unchecked.png */ = {isa = PBXFileReference; lastKnownFileType = image.png; name = unchecked.png; path = images/unchecked.png; sourceTree = SOURCE_ROOT; };
		81C8B43D17EBAD0100033D4F /* Cinequest-Info.plist */ = {isa = PBXFileReference; fileEncoding = 4; lastKnownFileType = text.plist; name = "Cinequest-Info.plist"; path = "resources/Cinequest-Info.plist"; sourceTree = SOURCE_ROOT; };
		81D1EC38182B892B003DD8BB /* StartupViewController.h */ = {isa = PBXFileReference; fileEncoding = 4; lastKnownFileType = sourcecode.c.h; name = StartupViewController.h; path = sources/StartupViewController.h; sourceTree = SOURCE_ROOT; };
		81D1EC39182B892B003DD8BB /* StartupViewController.m */ = {isa = PBXFileReference; fileEncoding = 4; lastKnownFileType = sourcecode.c.objc; name = StartupViewController.m; path = sources/StartupViewController.m; sourceTree = SOURCE_ROOT; };
		81D1EC3D182B8990003DD8BB /* StartupViewController.xib */ = {isa = PBXFileReference; fileEncoding = 4; lastKnownFileType = file.xib; name = StartupViewController.xib; path = sources/StartupViewController.xib; sourceTree = SOURCE_ROOT; };
		81D67055183E19D8007E9B99 /* iphone_icon_29.png */ = {isa = PBXFileReference; lastKnownFileType = image.png; name = iphone_icon_29.png; path = images/iphone_icon_29.png; sourceTree = SOURCE_ROOT; };
		81D67056183E19D8007E9B99 /* iphone_icon_57.png */ = {isa = PBXFileReference; lastKnownFileType = image.png; name = iphone_icon_57.png; path = images/iphone_icon_57.png; sourceTree = SOURCE_ROOT; };
		81D67057183E19D8007E9B99 /* iphone_icon_58.png */ = {isa = PBXFileReference; lastKnownFileType = image.png; name = iphone_icon_58.png; path = images/iphone_icon_58.png; sourceTree = SOURCE_ROOT; };
		81D67058183E19D8007E9B99 /* iphone_icon_80.png */ = {isa = PBXFileReference; lastKnownFileType = image.png; name = iphone_icon_80.png; path = images/iphone_icon_80.png; sourceTree = SOURCE_ROOT; };
		81D67059183E19D8007E9B99 /* iphone_icon_114.png */ = {isa = PBXFileReference; lastKnownFileType = image.png; name = iphone_icon_114.png; path = images/iphone_icon_114.png; sourceTree = SOURCE_ROOT; };
		81D6705A183E19D8007E9B99 /* iphone_icon_120.png */ = {isa = PBXFileReference; lastKnownFileType = image.png; name = iphone_icon_120.png; path = images/iphone_icon_120.png; sourceTree = SOURCE_ROOT; };
		81D6705B183E19D8007E9B99 /* iphone_icon_512.jpg */ = {isa = PBXFileReference; lastKnownFileType = image.jpeg; name = iphone_icon_512.jpg; path = images/iphone_icon_512.jpg; sourceTree = SOURCE_ROOT; };
		81F7B15C184E8F8E002B4B56 /* OldSchedule.h */ = {isa = PBXFileReference; lastKnownFileType = sourcecode.c.h; name = OldSchedule.h; path = sources/OldSchedule.h; sourceTree = SOURCE_ROOT; };
		81F7B15D184E8F8E002B4B56 /* OldSchedule.m */ = {isa = PBXFileReference; lastKnownFileType = sourcecode.c.objc; name = OldSchedule.m; path = sources/OldSchedule.m; sourceTree = SOURCE_ROOT; };
		81F7B15F184EBE3C002B4B56 /* NVPolylineAnnotation.h */ = {isa = PBXFileReference; fileEncoding = 4; lastKnownFileType = sourcecode.c.h; name = NVPolylineAnnotation.h; path = sources/NVPolylineAnnotation.h; sourceTree = SOURCE_ROOT; };
		81F7B160184EBE3C002B4B56 /* NVPolylineAnnotation.m */ = {isa = PBXFileReference; fileEncoding = 4; lastKnownFileType = sourcecode.c.objc; name = NVPolylineAnnotation.m; path = sources/NVPolylineAnnotation.m; sourceTree = SOURCE_ROOT; };
		81F7B161184EBE3C002B4B56 /* NVPolylineAnnotationView.h */ = {isa = PBXFileReference; fileEncoding = 4; lastKnownFileType = sourcecode.c.h; name = NVPolylineAnnotationView.h; path = sources/NVPolylineAnnotationView.h; sourceTree = SOURCE_ROOT; };
		81F7B162184EBE3C002B4B56 /* NVPolylineAnnotationView.m */ = {isa = PBXFileReference; fileEncoding = 4; lastKnownFileType = sourcecode.c.objc; name = NVPolylineAnnotationView.m; path = sources/NVPolylineAnnotationView.m; sourceTree = SOURCE_ROOT; };
		81FBC131182DA37900C01783 /* DataProvider.h */ = {isa = PBXFileReference; fileEncoding = 4; lastKnownFileType = sourcecode.c.h; name = DataProvider.h; path = sources/DataProvider.h; sourceTree = SOURCE_ROOT; };
		81FBC132182DA37900C01783 /* DataProvider.m */ = {isa = PBXFileReference; fileEncoding = 4; lastKnownFileType = sourcecode.c.objc; name = DataProvider.m; path = sources/DataProvider.m; sourceTree = SOURCE_ROOT; };
		935D58D2183CE0E300BE904F /* VenueParser.h */ = {isa = PBXFileReference; fileEncoding = 4; lastKnownFileType = sourcecode.c.h; name = VenueParser.h; path = sources/VenueParser.h; sourceTree = SOURCE_ROOT; };
		935D58D3183CE0E300BE904F /* VenueParser.m */ = {isa = PBXFileReference; fileEncoding = 4; lastKnownFileType = sourcecode.c.objc; name = VenueParser.m; path = sources/VenueParser.m; sourceTree = SOURCE_ROOT; };
		935D58D5183CE26000BE904F /* News@2x.png */ = {isa = PBXFileReference; lastKnownFileType = image.png; name = "News@2x.png"; path = "images/News@2x.png"; sourceTree = SOURCE_ROOT; };
		93E4E09E182BAFE900515A84 /* EventKit.framework */ = {isa = PBXFileReference; lastKnownFileType = wrapper.framework; name = EventKit.framework; path = System/Library/Frameworks/EventKit.framework; sourceTree = SDKROOT; };
		93E4E0A0182BB1A200515A84 /* cal_selected.png */ = {isa = PBXFileReference; lastKnownFileType = image.png; name = cal_selected.png; path = images/cal_selected.png; sourceTree = SOURCE_ROOT; };
		93E4E0A1182BB1A200515A84 /* cal_selected@2x.png */ = {isa = PBXFileReference; lastKnownFileType = image.png; name = "cal_selected@2x.png"; path = "images/cal_selected@2x.png"; sourceTree = SOURCE_ROOT; };
		93E4E0A2182BB1A200515A84 /* cal_unselected.png */ = {isa = PBXFileReference; lastKnownFileType = image.png; name = cal_unselected.png; path = images/cal_unselected.png; sourceTree = SOURCE_ROOT; };
		93E4E0A3182BB1A200515A84 /* cal_unselected@2x.png */ = {isa = PBXFileReference; lastKnownFileType = image.png; name = "cal_unselected@2x.png"; path = "images/cal_unselected@2x.png"; sourceTree = SOURCE_ROOT; };
		93F451D317FDEE6C0091CEE7 /* Social.framework */ = {isa = PBXFileReference; lastKnownFileType = wrapper.framework; name = Social.framework; path = System/Library/Frameworks/Social.framework; sourceTree = SDKROOT; };
		C27139361828E8C800BF8DCB /* List of Shows Tests.xctest */ = {isa = PBXFileReference; explicitFileType = wrapper.cfbundle; includeInIndex = 0; path = "List of Shows Tests.xctest"; sourceTree = BUILT_PRODUCTS_DIR; };
		C27139371828E8C900BF8DCB /* XCTest.framework */ = {isa = PBXFileReference; lastKnownFileType = wrapper.framework; name = XCTest.framework; path = Library/Frameworks/XCTest.framework; sourceTree = DEVELOPER_DIR; };
		C271393D1828E8C900BF8DCB /* List of Shows Tests-Info.plist */ = {isa = PBXFileReference; lastKnownFileType = text.plist.xml; path = "List of Shows Tests-Info.plist"; sourceTree = "<group>"; };
		C271393F1828E8C900BF8DCB /* en */ = {isa = PBXFileReference; lastKnownFileType = text.plist.strings; name = en; path = en.lproj/InfoPlist.strings; sourceTree = "<group>"; };
		C27139411828E8C900BF8DCB /* List_of_Shows_Tests.m */ = {isa = PBXFileReference; lastKnownFileType = sourcecode.c.objc; path = List_of_Shows_Tests.m; sourceTree = "<group>"; };
		C27139431828E8C900BF8DCB /* List of Shows Tests-Prefix.pch */ = {isa = PBXFileReference; lastKnownFileType = sourcecode.c.h; path = "List of Shows Tests-Prefix.pch"; sourceTree = "<group>"; };
		C27BC6D6182A1E26006F7D25 /* VenueLocation.h */ = {isa = PBXFileReference; fileEncoding = 4; lastKnownFileType = sourcecode.c.h; name = VenueLocation.h; path = sources/VenueLocation.h; sourceTree = SOURCE_ROOT; };
		C27BC6D7182A1E26006F7D25 /* VenueLocation.m */ = {isa = PBXFileReference; fileEncoding = 4; lastKnownFileType = sourcecode.c.objc; name = VenueLocation.m; path = sources/VenueLocation.m; sourceTree = SOURCE_ROOT; };
		C27BC6D9182A3734006F7D25 /* Schedule.h */ = {isa = PBXFileReference; fileEncoding = 4; lastKnownFileType = sourcecode.c.h; name = Schedule.h; path = sources/Schedule.h; sourceTree = SOURCE_ROOT; };
		C27BC6DA182A3734006F7D25 /* Schedule.m */ = {isa = PBXFileReference; fileEncoding = 4; lastKnownFileType = sourcecode.c.objc; name = Schedule.m; path = sources/Schedule.m; sourceTree = SOURCE_ROOT; };
		C2B86DF21844C01A0088A958 /* Forum.h */ = {isa = PBXFileReference; fileEncoding = 4; lastKnownFileType = sourcecode.c.h; name = Forum.h; path = sources/Forum.h; sourceTree = SOURCE_ROOT; };
		C2B86DF31844C01A0088A958 /* Forum.m */ = {isa = PBXFileReference; fileEncoding = 4; lastKnownFileType = sourcecode.c.objc; name = Forum.m; path = sources/Forum.m; sourceTree = SOURCE_ROOT; };
		C2B86DF51844C0350088A958 /* Special.h */ = {isa = PBXFileReference; fileEncoding = 4; lastKnownFileType = sourcecode.c.h; name = Special.h; path = sources/Special.h; sourceTree = SOURCE_ROOT; };
		C2B86DF61844C0350088A958 /* Special.m */ = {isa = PBXFileReference; fileEncoding = 4; lastKnownFileType = sourcecode.c.objc; name = Special.m; path = sources/Special.m; sourceTree = SOURCE_ROOT; };
		C2B86DF81847AC560088A958 /* NewFestivalParser.h */ = {isa = PBXFileReference; fileEncoding = 4; lastKnownFileType = sourcecode.c.h; name = NewFestivalParser.h; path = sources/NewFestivalParser.h; sourceTree = SOURCE_ROOT; };
		C2B86DF91847AC560088A958 /* NewFestivalParser.m */ = {isa = PBXFileReference; fileEncoding = 4; lastKnownFileType = sourcecode.c.objc; name = NewFestivalParser.m; path = sources/NewFestivalParser.m; sourceTree = SOURCE_ROOT; };
		C2D6DC18182975E5005A6897 /* Festival.h */ = {isa = PBXFileReference; fileEncoding = 4; lastKnownFileType = sourcecode.c.h; name = Festival.h; path = sources/Festival.h; sourceTree = SOURCE_ROOT; };
		C2D6DC19182975E5005A6897 /* Festival.m */ = {isa = PBXFileReference; fileEncoding = 4; lastKnownFileType = sourcecode.c.objc; name = Festival.m; path = sources/Festival.m; sourceTree = SOURCE_ROOT; };
		C2D6DC1B1829771E005A6897 /* Show.h */ = {isa = PBXFileReference; fileEncoding = 4; lastKnownFileType = sourcecode.c.h; name = Show.h; path = sources/Show.h; sourceTree = SOURCE_ROOT; };
		C2D6DC1C1829771E005A6897 /* Show.m */ = {isa = PBXFileReference; fileEncoding = 4; lastKnownFileType = sourcecode.c.objc; name = Show.m; path = sources/Show.m; sourceTree = SOURCE_ROOT; };
		C2D6DC1D1829771E005A6897 /* Showing.h */ = {isa = PBXFileReference; fileEncoding = 4; lastKnownFileType = sourcecode.c.h; name = Showing.h; path = sources/Showing.h; sourceTree = SOURCE_ROOT; };
		C2D6DC1E1829771E005A6897 /* Showing.m */ = {isa = PBXFileReference; fileEncoding = 4; lastKnownFileType = sourcecode.c.objc; name = Showing.m; path = sources/Showing.m; sourceTree = SOURCE_ROOT; };
		C2D6DC1F1829771E005A6897 /* Venue.h */ = {isa = PBXFileReference; fileEncoding = 4; lastKnownFileType = sourcecode.c.h; name = Venue.h; path = sources/Venue.h; sourceTree = SOURCE_ROOT; };
		C2D6DC201829771E005A6897 /* Venue.m */ = {isa = PBXFileReference; fileEncoding = 4; lastKnownFileType = sourcecode.c.objc; name = Venue.m; path = sources/Venue.m; sourceTree = SOURCE_ROOT; };
		C2D6DC241829773C005A6897 /* FestivalParser.h */ = {isa = PBXFileReference; fileEncoding = 4; lastKnownFileType = sourcecode.c.h; name = FestivalParser.h; path = sources/FestivalParser.h; sourceTree = SOURCE_ROOT; };
		C2D6DC251829773C005A6897 /* FestivalParser.m */ = {isa = PBXFileReference; fileEncoding = 4; lastKnownFileType = sourcecode.c.objc; name = FestivalParser.m; path = sources/FestivalParser.m; sourceTree = SOURCE_ROOT; };
		C2D6DC271829B8BF005A6897 /* Film.h */ = {isa = PBXFileReference; fileEncoding = 4; lastKnownFileType = sourcecode.c.h; name = Film.h; path = sources/Film.h; sourceTree = SOURCE_ROOT; };
		C2D6DC281829B8BF005A6897 /* Film.m */ = {isa = PBXFileReference; fileEncoding = 4; lastKnownFileType = sourcecode.c.objc; name = Film.m; path = sources/Film.m; sourceTree = SOURCE_ROOT; };
		C2D6DC2A1829E0F7005A6897 /* CinequestItem.h */ = {isa = PBXFileReference; fileEncoding = 4; lastKnownFileType = sourcecode.c.h; name = CinequestItem.h; path = sources/CinequestItem.h; sourceTree = SOURCE_ROOT; };
		C2D6DC2B1829E0F7005A6897 /* CinequestItem.m */ = {isa = PBXFileReference; fileEncoding = 4; lastKnownFileType = sourcecode.c.objc; name = CinequestItem.m; path = sources/CinequestItem.m; sourceTree = SOURCE_ROOT; };
		C2D6DC2D1829E1CE005A6897 /* ProgramItem.h */ = {isa = PBXFileReference; fileEncoding = 4; lastKnownFileType = sourcecode.c.h; name = ProgramItem.h; path = sources/ProgramItem.h; sourceTree = SOURCE_ROOT; };
		C2D6DC2E1829E1CE005A6897 /* ProgramItem.m */ = {isa = PBXFileReference; fileEncoding = 4; lastKnownFileType = sourcecode.c.objc; name = ProgramItem.m; path = sources/ProgramItem.m; sourceTree = SOURCE_ROOT; };
		C2D6DC301829E999005A6897 /* FestivalParserTest.m */ = {isa = PBXFileReference; fileEncoding = 4; lastKnownFileType = sourcecode.c.objc; path = FestivalParserTest.m; sourceTree = "<group>"; };
/* End PBXFileReference section */

/* Begin PBXFrameworksBuildPhase section */
		81C8B37B17EBAB3200033D4F /* Frameworks */ = {
			isa = PBXFrameworksBuildPhase;
			buildActionMask = 2147483647;
			files = (
				811E00371835991D003C81B0 /* CoreLocation.framework in Frameworks */,
				8172E01A1834F2340040B4FF /* EventKitUI.framework in Frameworks */,
				93E4E09F182BAFE900515A84 /* EventKit.framework in Frameworks */,
				93F451D417FDEE6C0091CEE7 /* Social.framework in Frameworks */,
				81C8B38217EBAB3200033D4F /* UIKit.framework in Frameworks */,
				81C8B38417EBAB3200033D4F /* Foundation.framework in Frameworks */,
				81C8B38617EBAB3200033D4F /* CoreGraphics.framework in Frameworks */,
				811E0039183599A2003C81B0 /* MapKit.framework in Frameworks */,
				8149DFC017EBB2FD0092F8F9 /* QuartzCore.framework in Frameworks */,
				8149DFC917EBB4F90092F8F9 /* SystemConfiguration.framework in Frameworks */,
				8149DFCB17EBB5450092F8F9 /* MessageUI.framework in Frameworks */,
				8192CC6217EBC91D00DBE036 /* libxml2.dylib in Frameworks */,
				8192CC6417EBC92D00DBE036 /* libsqlite3.0.dylib in Frameworks */,
			);
			runOnlyForDeploymentPostprocessing = 0;
		};
		C27139331828E8C800BF8DCB /* Frameworks */ = {
			isa = PBXFrameworksBuildPhase;
			buildActionMask = 2147483647;
			files = (
				C27139381828E8C900BF8DCB /* XCTest.framework in Frameworks */,
				C271393A1828E8C900BF8DCB /* UIKit.framework in Frameworks */,
				C27139391828E8C900BF8DCB /* Foundation.framework in Frameworks */,
			);
			runOnlyForDeploymentPostprocessing = 0;
		};
/* End PBXFrameworksBuildPhase section */

/* Begin PBXGroup section */
		8149DFC117EBB3280092F8F9 /* Libraries */ = {
			isa = PBXGroup;
			children = (
				8192CC6117EBC91D00DBE036 /* libxml2.dylib */,
				8192CC6317EBC92D00DBE036 /* libsqlite3.0.dylib */,
			);
			name = Libraries;
			sourceTree = "<group>";
		};
		815A275118161BDE00D9CDCE /* Bugs/Features log */ = {
			isa = PBXGroup;
			children = (
				815A275018161A5500D9CDCE /* New Features and Bugs.webloc */,
			);
			name = "Bugs/Features log";
			sourceTree = "<group>";
		};
		81745A8717EBAFAE008D2C2C /* Supporting Files */ = {
			isa = PBXGroup;
			children = (
				81745A4E17EBAEED008D2C2C /* Cinequest-Prefix.pch */,
				8149DFCC17EBB5780092F8F9 /* main.m */,
				81C8B43D17EBAD0100033D4F /* Cinequest-Info.plist */,
			);
			name = "Supporting Files";
			path = Cinequest;
			sourceTree = "<group>";
		};
		8199E788182F623F001BCC36 /* Unused */ = {
			isa = PBXGroup;
			children = (
				81F7B15E184E94B7002B4B56 /* Images */,
				81F7B15F184EBE3C002B4B56 /* NVPolylineAnnotation.h */,
				81F7B160184EBE3C002B4B56 /* NVPolylineAnnotation.m */,
				81F7B161184EBE3C002B4B56 /* NVPolylineAnnotationView.h */,
				81F7B162184EBE3C002B4B56 /* NVPolylineAnnotationView.m */,
				C2D6DC1D1829771E005A6897 /* Showing.h */,
				C2D6DC1E1829771E005A6897 /* Showing.m */,
				81745A7117EBAEED008D2C2C /* NSStringAdditions.h */,
				81745A7217EBAEED008D2C2C /* NSStringAdditions.m */,
				81F7B15C184E8F8E002B4B56 /* OldSchedule.h */,
				81F7B15D184E8F8E002B4B56 /* OldSchedule.m */,
				C2D6DC241829773C005A6897 /* FestivalParser.h */,
				C2D6DC251829773C005A6897 /* FestivalParser.m */,
				81745A6B17EBAEED008D2C2C /* LogInViewController.h */,
				81745A6C17EBAEED008D2C2C /* LogInViewController.m */,
				81C8B3A817EBABEE00033D4F /* LogInViewController.xib */,
				81745A5B17EBAEED008D2C2C /* DVD.h */,
				81745A5C17EBAEED008D2C2C /* DVD.m */,
				81745A5D17EBAEED008D2C2C /* DVDsViewController.h */,
				81745A5E17EBAEED008D2C2C /* DVDsViewController.m */,
				81C8B3A117EBABEE00033D4F /* DVDsViewController.xib */,
				81745A6917EBAEED008D2C2C /* LoadDataViewController.h */,
				81745A6A17EBAEED008D2C2C /* LoadDataViewController.m */,
				81C8B3A717EBABEE00033D4F /* LoadDataViewController.xib */,
			);
			name = Unused;
			path = Cinequest;
			sourceTree = "<group>";
		};
		81C52B82182B62D200D2F55D /* Reachability */ = {
			isa = PBXGroup;
			children = (
				81C52B83182B62F000D2F55D /* Reachability.h */,
				81C52B84182B62F000D2F55D /* Reachability.m */,
			);
			name = Reachability;
			sourceTree = "<group>";
		};
		81C8B37517EBAB3200033D4F = {
			isa = PBXGroup;
			children = (
				815A275118161BDE00D9CDCE /* Bugs/Features log */,
				81C8B43C17EBAC9100033D4F /* Sources */,
				81C8B3A017EBABAA00033D4F /* Resources */,
				81C8B3B917EBAC1600033D4F /* Images */,
				81745A8717EBAFAE008D2C2C /* Supporting Files */,
				8199E788182F623F001BCC36 /* Unused */,
				8149DFC117EBB3280092F8F9 /* Libraries */,
				C271393B1828E8C900BF8DCB /* List of Shows Tests */,
				81C8B38017EBAB3200033D4F /* Frameworks */,
				81C8B37F17EBAB3200033D4F /* Products */,
			);
			sourceTree = "<group>";
		};
		81C8B37F17EBAB3200033D4F /* Products */ = {
			isa = PBXGroup;
			children = (
				81C8B37E17EBAB3200033D4F /* Cinequest.app */,
				C27139361828E8C800BF8DCB /* List of Shows Tests.xctest */,
			);
			name = Products;
			sourceTree = "<group>";
		};
		81C8B38017EBAB3200033D4F /* Frameworks */ = {
			isa = PBXGroup;
			children = (
				811E0038183599A2003C81B0 /* MapKit.framework */,
				811E00361835991D003C81B0 /* CoreLocation.framework */,
				93E4E09E182BAFE900515A84 /* EventKit.framework */,
				8172E0191834F2340040B4FF /* EventKitUI.framework */,
				93F451D317FDEE6C0091CEE7 /* Social.framework */,
				81C8B38517EBAB3200033D4F /* CoreGraphics.framework */,
				81C8B38317EBAB3200033D4F /* Foundation.framework */,
				8149DFCA17EBB5450092F8F9 /* MessageUI.framework */,
				8149DFBF17EBB2FD0092F8F9 /* QuartzCore.framework */,
				8149DFC817EBB4F90092F8F9 /* SystemConfiguration.framework */,
				81C8B38117EBAB3200033D4F /* UIKit.framework */,
				C27139371828E8C900BF8DCB /* XCTest.framework */,
			);
			name = Frameworks;
			sourceTree = "<group>";
		};
		81C8B3A017EBABAA00033D4F /* Resources */ = {
			isa = PBXGroup;
			children = (
				81D1EC3D182B8990003DD8BB /* StartupViewController.xib */,
				81C8B3A917EBABEE00033D4F /* MainWindow.xib */,
				81C8B3AB17EBABEE00033D4F /* NewsViewController.xib */,
				81C8B3A517EBABEE00033D4F /* FilmsViewController.xib */,
				81C8B3A417EBABEE00033D4F /* FilmDetailController.xib */,
				81C8B3A317EBABEE00033D4F /* EventsViewController.xib */,
				81C8B3A217EBABEE00033D4F /* EventDetailViewController.xib */,
				81C8B3A617EBABEE00033D4F /* ForumsViewController.xib */,
				81C8B3AA17EBABEE00033D4F /* MySchedulerViewController.xib */,
				81B7C4A7184D1358001F4B16 /* MapViewController.xib */,
			);
			name = Resources;
			path = Cinequest;
			sourceTree = "<group>";
		};
		81C8B3B917EBAC1600033D4F /* Images */ = {
			isa = PBXGroup;
			children = (
				813CB475183E1FAF00974776 /* Images.xcassets */,
				81A496371845A50C0025CCBB /* twitter.png */,
				81A496381845A50C0025CCBB /* twitter@2x.png */,
				81A496391845A50C0025CCBB /* facebook.png */,
				81A4963A1845A50C0025CCBB /* facebook@2x.png */,
				81A4963B1845A50C0025CCBB /* link-Ticket.png */,
				81A4963C1845A50C0025CCBB /* link-Ticket@2x.png */,
				81A4963D1845A50C0025CCBB /* mail.png */,
				81A496401845A50C0025CCBB /* mail@2x.png */,
				81A4963E1845A50C0025CCBB /* googleplus.png */,
				81A4963F1845A50C0025CCBB /* googleplus@2x.png */,
				81A496411845A50C0025CCBB /* maps.png */,
				81A496421845A50C0025CCBB /* maps@2x.png */,
				81A496431845A50C0025CCBB /* phone-Ticket.png */,
				81A496441845A50C0025CCBB /* phone-Ticket@2x.png */,
				81B32C90183C2AF9006D2D78 /* Default-568h@2x.png */,
				93E4E0A0182BB1A200515A84 /* cal_selected.png */,
				93E4E0A1182BB1A200515A84 /* cal_selected@2x.png */,
				93E4E0A2182BB1A200515A84 /* cal_unselected.png */,
				93E4E0A3182BB1A200515A84 /* cal_unselected@2x.png */,
				81C8B3C317EBAC2C00033D4F /* News.png */,
				935D58D5183CE26000BE904F /* News@2x.png */,
				81C8B3C517EBAC2C00033D4F /* film_icon2.png */,
				81C8B3C417EBAC2C00033D4F /* events_icon_small.png */,
				81C8B3CC17EBAC2C00033D4F /* trans_forums_small.png */,
				81C8B3CA17EBAC2C00033D4F /* schedule.png */,
				81D67055183E19D8007E9B99 /* iphone_icon_29.png */,
				81D67056183E19D8007E9B99 /* iphone_icon_57.png */,
				81D67057183E19D8007E9B99 /* iphone_icon_58.png */,
				81D67058183E19D8007E9B99 /* iphone_icon_80.png */,
				81D67059183E19D8007E9B99 /* iphone_icon_114.png */,
				81D6705A183E19D8007E9B99 /* iphone_icon_120.png */,
				81D6705B183E19D8007E9B99 /* iphone_icon_512.jpg */,
				816C4AB2183C0B4C00BE896C /* iphone_launch_640_960.png */,
				816C4AB0183C0AEC00BE896C /* iphone_launch_320_480.png */,
				8180BE6D183AE0FE00DC8997 /* iphone_launch_640_1136.png */,
				816C4AB4183C160F00BE896C /* Splash4.png */,
				816C4AB5183C160F00BE896C /* Splash5.png */,
				81B32C98183C2DF8006D2D78 /* logoSJSU.png */,
			);
			name = Images;
			path = Cinequest;
			sourceTree = "<group>";
		};
		81C8B43C17EBAC9100033D4F /* Sources */ = {
			isa = PBXGroup;
			children = (
				81745A4F17EBAEED008D2C2C /* CinequestAppDelegate.h */,
				81745A5017EBAEED008D2C2C /* CinequestAppDelegate.m */,
				81FBC131182DA37900C01783 /* DataProvider.h */,
				81FBC132182DA37900C01783 /* DataProvider.m */,
				C271392E1828A36100BF8DCB /* FestivalParser */,
				C271392418279DE300BF8DCB /* DDXMLFiles */,
				81C52B82182B62D200D2F55D /* Reachability */,
				81D1EC38182B892B003DD8BB /* StartupViewController.h */,
				81D1EC39182B892B003DD8BB /* StartupViewController.m */,
				81745A6117EBAEED008D2C2C /* EventsViewController.h */,
				81745A6217EBAEED008D2C2C /* EventsViewController.m */,
				81745A5F17EBAEED008D2C2C /* EventDetailViewController.h */,
				81745A6017EBAEED008D2C2C /* EventDetailViewController.m */,
				81745A6517EBAEED008D2C2C /* FilmsViewController.h */,
				81745A6617EBAEED008D2C2C /* FilmsViewController.m */,
				81745A6317EBAEED008D2C2C /* FilmDetailController.h */,
				81745A6417EBAEED008D2C2C /* FilmDetailController.m */,
				81745A6717EBAEED008D2C2C /* ForumsViewController.h */,
				81745A6817EBAEED008D2C2C /* ForumsViewController.m */,
				81745A6D17EBAEED008D2C2C /* MySchedulerViewController.h */,
				81745A6E17EBAEED008D2C2C /* MySchedulerViewController.m */,
				81745A6F17EBAEED008D2C2C /* NewsViewController.h */,
				81745A7017EBAEED008D2C2C /* NewsViewController.m */,
				81B7C4A5184D1358001F4B16 /* MapViewController.h */,
				81B7C4A6184D1358001F4B16 /* MapViewController.m */,
			);
			name = Sources;
			path = Cinequest;
			sourceTree = "<group>";
		};
		81F7B15E184E94B7002B4B56 /* Images */ = {
			isa = PBXGroup;
			children = (
				81C8B3BC17EBAC2C00033D4F /* checkbox.png */,
				81C8B3BA17EBAC2C00033D4F /* checkbox-checked.png */,
				81C8B3BB17EBAC2C00033D4F /* checkbox-pressed.png */,
				81C8B3BD17EBAC2C00033D4F /* checked.png */,
				81C8B3CD17EBAC2C00033D4F /* unchecked.png */,
				81C8B3BE17EBAC2C00033D4F /* cq_logo.png */,
			);
			name = Images;
			sourceTree = "<group>";
		};
		C271392418279DE300BF8DCB /* DDXMLFiles */ = {
			isa = PBXGroup;
			children = (
				81745A5117EBAEED008D2C2C /* DDXML.h */,
				81745A5217EBAEED008D2C2C /* DDXMLDocument.h */,
				81745A5317EBAEED008D2C2C /* DDXMLDocument.m */,
				81745A5417EBAEED008D2C2C /* DDXMLElement.h */,
				81745A5517EBAEED008D2C2C /* DDXMLElement.m */,
				81745A5617EBAEED008D2C2C /* DDXMLElementAdditions.h */,
				81745A5717EBAEED008D2C2C /* DDXMLElementAdditions.m */,
				81745A5817EBAEED008D2C2C /* DDXMLNode.h */,
				81745A5917EBAEED008D2C2C /* DDXMLNode.m */,
				81745A5A17EBAEED008D2C2C /* DDXMLPrivate.h */,
			);
			name = DDXMLFiles;
			sourceTree = "<group>";
		};
		C271392E1828A36100BF8DCB /* FestivalParser */ = {
			isa = PBXGroup;
			children = (
				C2B86DF81847AC560088A958 /* NewFestivalParser.h */,
				C2B86DF91847AC560088A958 /* NewFestivalParser.m */,
				935D58D2183CE0E300BE904F /* VenueParser.h */,
				935D58D3183CE0E300BE904F /* VenueParser.m */,
				C2D6DC2A1829E0F7005A6897 /* CinequestItem.h */,
				C2D6DC2B1829E0F7005A6897 /* CinequestItem.m */,
				C2D6DC2D1829E1CE005A6897 /* ProgramItem.h */,
				C2D6DC2E1829E1CE005A6897 /* ProgramItem.m */,
				C27BC6D6182A1E26006F7D25 /* VenueLocation.h */,
				C27BC6D7182A1E26006F7D25 /* VenueLocation.m */,
				C2D6DC18182975E5005A6897 /* Festival.h */,
				C2D6DC19182975E5005A6897 /* Festival.m */,
				C2D6DC271829B8BF005A6897 /* Film.h */,
				C2D6DC281829B8BF005A6897 /* Film.m */,
				C2D6DC1B1829771E005A6897 /* Show.h */,
				C2D6DC1C1829771E005A6897 /* Show.m */,
				C2D6DC1F1829771E005A6897 /* Venue.h */,
				C2D6DC201829771E005A6897 /* Venue.m */,
				C27BC6D9182A3734006F7D25 /* Schedule.h */,
				C27BC6DA182A3734006F7D25 /* Schedule.m */,
				C2B86DF21844C01A0088A958 /* Forum.h */,
				C2B86DF31844C01A0088A958 /* Forum.m */,
				C2B86DF51844C0350088A958 /* Special.h */,
				C2B86DF61844C0350088A958 /* Special.m */,
			);
			name = FestivalParser;
			sourceTree = "<group>";
		};
		C271393B1828E8C900BF8DCB /* List of Shows Tests */ = {
			isa = PBXGroup;
			children = (
				C2D6DC301829E999005A6897 /* FestivalParserTest.m */,
				C27139411828E8C900BF8DCB /* List_of_Shows_Tests.m */,
				C271393C1828E8C900BF8DCB /* Supporting Files */,
			);
			path = "List of Shows Tests";
			sourceTree = "<group>";
		};
		C271393C1828E8C900BF8DCB /* Supporting Files */ = {
			isa = PBXGroup;
			children = (
				C271393D1828E8C900BF8DCB /* List of Shows Tests-Info.plist */,
				C271393E1828E8C900BF8DCB /* InfoPlist.strings */,
				C27139431828E8C900BF8DCB /* List of Shows Tests-Prefix.pch */,
			);
			name = "Supporting Files";
			sourceTree = "<group>";
		};
/* End PBXGroup section */

/* Begin PBXNativeTarget section */
		81C8B37D17EBAB3200033D4F /* Cinequest */ = {
			isa = PBXNativeTarget;
			buildConfigurationList = 81C8B39B17EBAB3200033D4F /* Build configuration list for PBXNativeTarget "Cinequest" */;
			buildPhases = (
				81C8B37A17EBAB3200033D4F /* Sources */,
				81C8B37B17EBAB3200033D4F /* Frameworks */,
				81C8B37C17EBAB3200033D4F /* Resources */,
			);
			buildRules = (
			);
			dependencies = (
			);
			name = Cinequest;
			productName = Cinequest;
			productReference = 81C8B37E17EBAB3200033D4F /* Cinequest.app */;
			productType = "com.apple.product-type.application";
		};
		C27139351828E8C800BF8DCB /* List of Shows Tests */ = {
			isa = PBXNativeTarget;
			buildConfigurationList = C27139461828E8C900BF8DCB /* Build configuration list for PBXNativeTarget "List of Shows Tests" */;
			buildPhases = (
				C27139321828E8C800BF8DCB /* Sources */,
				C27139331828E8C800BF8DCB /* Frameworks */,
				C27139341828E8C800BF8DCB /* Resources */,
			);
			buildRules = (
			);
			dependencies = (
				C27139451828E8C900BF8DCB /* PBXTargetDependency */,
			);
			name = "List of Shows Tests";
			productName = "List of Shows Tests";
			productReference = C27139361828E8C800BF8DCB /* List of Shows Tests.xctest */;
			productType = "com.apple.product-type.bundle.unit-test";
		};
/* End PBXNativeTarget section */

/* Begin PBXProject section */
		81C8B37617EBAB3200033D4F /* Project object */ = {
			isa = PBXProject;
			attributes = {
				LastUpgradeCheck = 0460;
				ORGANIZATIONNAME = "San Jose State University";
				TargetAttributes = {
					81C8B37D17EBAB3200033D4F = {
						DevelopmentTeam = 5729M5Y5C8;
					};
					C27139351828E8C800BF8DCB = {
						TestTargetID = 81C8B37D17EBAB3200033D4F;
					};
				};
			};
			buildConfigurationList = 81C8B37917EBAB3200033D4F /* Build configuration list for PBXProject "Cinequest" */;
			compatibilityVersion = "Xcode 3.2";
			developmentRegion = English;
			hasScannedForEncodings = 0;
			knownRegions = (
				en,
			);
			mainGroup = 81C8B37517EBAB3200033D4F;
			productRefGroup = 81C8B37F17EBAB3200033D4F /* Products */;
			projectDirPath = "";
			projectRoot = "";
			targets = (
				81C8B37D17EBAB3200033D4F /* Cinequest */,
				C27139351828E8C800BF8DCB /* List of Shows Tests */,
			);
		};
/* End PBXProject section */

/* Begin PBXResourcesBuildPhase section */
		81C8B37C17EBAB3200033D4F /* Resources */ = {
			isa = PBXResourcesBuildPhase;
			buildActionMask = 2147483647;
			files = (
				813CB476183E1FAF00974776 /* Images.xcassets in Resources */,
				816C4AB1183C0AEC00BE896C /* iphone_launch_320_480.png in Resources */,
				81C8B3B417EBABEE00033D4F /* MainWindow.xib in Resources */,
				81C8B3B617EBABEE00033D4F /* NewsViewController.xib in Resources */,
				81A496521845A50C0025CCBB /* phone-Ticket@2x.png in Resources */,
				81A4964B1845A50C0025CCBB /* mail.png in Resources */,
				816C4AB3183C0B4C00BE896C /* iphone_launch_640_960.png in Resources */,
				81D6705C183E19D8007E9B99 /* iphone_icon_29.png in Resources */,
				93E4E0A6182BB1A200515A84 /* cal_unselected.png in Resources */,
				81C8B3D717EBAC2C00033D4F /* News.png in Resources */,
				81A496471845A50C0025CCBB /* facebook.png in Resources */,
				81A4964A1845A50C0025CCBB /* link-Ticket@2x.png in Resources */,
				81B32C91183C2AF9006D2D78 /* Default-568h@2x.png in Resources */,
				81C8B3D817EBAC2C00033D4F /* events_icon_small.png in Resources */,
				81C8B3D917EBAC2C00033D4F /* film_icon2.png in Resources */,
				81A496511845A50C0025CCBB /* phone-Ticket.png in Resources */,
				81D6705E183E19D8007E9B99 /* iphone_icon_58.png in Resources */,
				81D1EC3E182B8990003DD8BB /* StartupViewController.xib in Resources */,
				81D67061183E19D8007E9B99 /* iphone_icon_120.png in Resources */,
				81C8B3DE17EBAC2C00033D4F /* schedule.png in Resources */,
				81A496461845A50C0025CCBB /* twitter@2x.png in Resources */,
				81B32C99183C2DF8006D2D78 /* logoSJSU.png in Resources */,
				81B7C4A9184D1358001F4B16 /* MapViewController.xib in Resources */,
				93E4E0A4182BB1A200515A84 /* cal_selected.png in Resources */,
				816C4AB6183C160F00BE896C /* Splash4.png in Resources */,
				93E4E0A5182BB1A200515A84 /* cal_selected@2x.png in Resources */,
				81A4964D1845A50C0025CCBB /* googleplus@2x.png in Resources */,
				935D58D6183CE26000BE904F /* News@2x.png in Resources */,
				81C8B3E017EBAC2C00033D4F /* trans_forums_small.png in Resources */,
				81D6705D183E19D8007E9B99 /* iphone_icon_57.png in Resources */,
				81A496501845A50C0025CCBB /* maps@2x.png in Resources */,
				81A4964E1845A50C0025CCBB /* mail@2x.png in Resources */,
				93E4E0A7182BB1A200515A84 /* cal_unselected@2x.png in Resources */,
				81B12C65182B759E000D5200 /* EventDetailViewController.xib in Resources */,
				81A4964C1845A50C0025CCBB /* googleplus.png in Resources */,
				81D67060183E19D8007E9B99 /* iphone_icon_114.png in Resources */,
				81B12C66182B759E000D5200 /* EventsViewController.xib in Resources */,
				81A496491845A50C0025CCBB /* link-Ticket.png in Resources */,
				81B12C67182B759E000D5200 /* FilmDetailController.xib in Resources */,
				81A4964F1845A50C0025CCBB /* maps.png in Resources */,
				81B12C68182B759E000D5200 /* FilmsViewController.xib in Resources */,
				81D67062183E19D8007E9B99 /* iphone_icon_512.jpg in Resources */,
				81B12C69182B759E000D5200 /* ForumsViewController.xib in Resources */,
				81A496481845A50C0025CCBB /* facebook@2x.png in Resources */,
				8180BE6E183AE0FE00DC8997 /* iphone_launch_640_1136.png in Resources */,
				816C4AB7183C160F00BE896C /* Splash5.png in Resources */,
				81D6705F183E19D8007E9B99 /* iphone_icon_80.png in Resources */,
				81A496451845A50C0025CCBB /* twitter.png in Resources */,
				81B12C6C182B759E000D5200 /* MySchedulerViewController.xib in Resources */,
			);
			runOnlyForDeploymentPostprocessing = 0;
		};
		C27139341828E8C800BF8DCB /* Resources */ = {
			isa = PBXResourcesBuildPhase;
			buildActionMask = 2147483647;
			files = (
				C27139401828E8C900BF8DCB /* InfoPlist.strings in Resources */,
			);
			runOnlyForDeploymentPostprocessing = 0;
		};
/* End PBXResourcesBuildPhase section */

/* Begin PBXSourcesBuildPhase section */
		81C8B37A17EBAB3200033D4F /* Sources */ = {
			isa = PBXSourcesBuildPhase;
			buildActionMask = 2147483647;
			files = (
				C2D6DC211829771E005A6897 /* Show.m in Sources */,
				C2D6DC1A182975E5005A6897 /* Festival.m in Sources */,
				C27BC6DB182A3734006F7D25 /* Schedule.m in Sources */,
				81745A7517EBAEED008D2C2C /* CinequestAppDelegate.m in Sources */,
				81745A7617EBAEED008D2C2C /* DDXMLDocument.m in Sources */,
				C2B86DF41844C01A0088A958 /* Forum.m in Sources */,
				81745A7717EBAEED008D2C2C /* DDXMLElement.m in Sources */,
				C27BC6D8182A1E26006F7D25 /* VenueLocation.m in Sources */,
				81745A7817EBAEED008D2C2C /* DDXMLElementAdditions.m in Sources */,
				81745A7917EBAEED008D2C2C /* DDXMLNode.m in Sources */,
				C2D6DC2C1829E0F7005A6897 /* CinequestItem.m in Sources */,
				C2B86DF71844C0350088A958 /* Special.m in Sources */,
				C2D6DC291829B8BF005A6897 /* Film.m in Sources */,
				81745A7C17EBAEED008D2C2C /* EventDetailViewController.m in Sources */,
				81D1EC3B182B892B003DD8BB /* StartupViewController.m in Sources */,
				81745A7D17EBAEED008D2C2C /* EventsViewController.m in Sources */,
				81745A7E17EBAEED008D2C2C /* FilmDetailController.m in Sources */,
				81745A7F17EBAEED008D2C2C /* FilmsViewController.m in Sources */,
				935D58D4183CE0E300BE904F /* VenueParser.m in Sources */,
				81745A8017EBAEED008D2C2C /* ForumsViewController.m in Sources */,
				C2D6DC231829771E005A6897 /* Venue.m in Sources */,
				81745A8317EBAEED008D2C2C /* MySchedulerViewController.m in Sources */,
				81745A8417EBAEED008D2C2C /* NewsViewController.m in Sources */,
				81C52B85182B62F000D2F55D /* Reachability.m in Sources */,
				81B7C4A8184D1358001F4B16 /* MapViewController.m in Sources */,
				81FBC133182DA37900C01783 /* DataProvider.m in Sources */,
				C2D6DC2F1829E1CE005A6897 /* ProgramItem.m in Sources */,
				C2B86DFA1847AC560088A958 /* NewFestivalParser.m in Sources */,
				8149DFCD17EBB5780092F8F9 /* main.m in Sources */,
				C2D6DC221829771E005A6897 /* Showing.m in Sources */,
			);
			runOnlyForDeploymentPostprocessing = 0;
		};
		C27139321828E8C800BF8DCB /* Sources */ = {
			isa = PBXSourcesBuildPhase;
			buildActionMask = 2147483647;
			files = (
				C2D6DC311829E999005A6897 /* FestivalParserTest.m in Sources */,
				C27139421828E8C900BF8DCB /* List_of_Shows_Tests.m in Sources */,
			);
			runOnlyForDeploymentPostprocessing = 0;
		};
/* End PBXSourcesBuildPhase section */

/* Begin PBXTargetDependency section */
		C27139451828E8C900BF8DCB /* PBXTargetDependency */ = {
			isa = PBXTargetDependency;
			target = 81C8B37D17EBAB3200033D4F /* Cinequest */;
			targetProxy = C27139441828E8C900BF8DCB /* PBXContainerItemProxy */;
		};
/* End PBXTargetDependency section */

/* Begin PBXVariantGroup section */
		C271393E1828E8C900BF8DCB /* InfoPlist.strings */ = {
			isa = PBXVariantGroup;
			children = (
				C271393F1828E8C900BF8DCB /* en */,
			);
			name = InfoPlist.strings;
			sourceTree = "<group>";
		};
/* End PBXVariantGroup section */

/* Begin XCBuildConfiguration section */
		81C8B39917EBAB3200033D4F /* Debug */ = {
			isa = XCBuildConfiguration;
			buildSettings = {
				CLANG_CXX_LANGUAGE_STANDARD = "gnu++0x";
				CLANG_CXX_LIBRARY = "libc++";
				CLANG_WARN_CONSTANT_CONVERSION = YES;
				CLANG_WARN_EMPTY_BODY = YES;
				CLANG_WARN_ENUM_CONVERSION = YES;
				CLANG_WARN_INT_CONVERSION = YES;
				CLANG_WARN__DUPLICATE_METHOD_MATCH = YES;
				CODE_SIGN_IDENTITY = "iPhone Developer";
				"CODE_SIGN_IDENTITY[sdk=iphoneos*]" = "iPhone Developer";
				COPY_PHASE_STRIP = NO;
				FRAMEWORK_SEARCH_PATHS = "";
				GCC_C_LANGUAGE_STANDARD = gnu99;
				GCC_DYNAMIC_NO_PIC = NO;
				GCC_OPTIMIZATION_LEVEL = 0;
				GCC_PREPROCESSOR_DEFINITIONS = (
					"DEBUG=1",
					"$(inherited)",
				);
				GCC_SYMBOLS_PRIVATE_EXTERN = NO;
				GCC_WARN_ABOUT_RETURN_TYPE = YES;
				GCC_WARN_UNINITIALIZED_AUTOS = YES;
				GCC_WARN_UNUSED_VARIABLE = YES;
				HEADER_SEARCH_PATHS = "$(SDKROOT)/usr/include/libxml2";
				ONLY_ACTIVE_ARCH = YES;
				PROVISIONING_PROFILE = "79F2C46C-E1C4-468C-B775-B0567CC14B51";
				SDKROOT = iphoneos;
				TARGETED_DEVICE_FAMILY = "1,2";
			};
			name = Debug;
		};
		81C8B39A17EBAB3200033D4F /* Release */ = {
			isa = XCBuildConfiguration;
			buildSettings = {
				CLANG_CXX_LANGUAGE_STANDARD = "gnu++0x";
				CLANG_CXX_LIBRARY = "libc++";
				CLANG_WARN_CONSTANT_CONVERSION = YES;
				CLANG_WARN_EMPTY_BODY = YES;
				CLANG_WARN_ENUM_CONVERSION = YES;
				CLANG_WARN_INT_CONVERSION = YES;
				CLANG_WARN__DUPLICATE_METHOD_MATCH = YES;
				CODE_SIGN_IDENTITY = "iPhone Developer";
				"CODE_SIGN_IDENTITY[sdk=iphoneos*]" = "iPhone Developer";
				COPY_PHASE_STRIP = YES;
				FRAMEWORK_SEARCH_PATHS = "";
				GCC_C_LANGUAGE_STANDARD = gnu99;
				GCC_WARN_ABOUT_RETURN_TYPE = YES;
				GCC_WARN_UNINITIALIZED_AUTOS = YES;
				GCC_WARN_UNUSED_VARIABLE = YES;
				HEADER_SEARCH_PATHS = "$(SDKROOT)/usr/include/libxml2";
				OTHER_CFLAGS = "-DNS_BLOCK_ASSERTIONS=1";
				PROVISIONING_PROFILE = "79F2C46C-E1C4-468C-B775-B0567CC14B51";
				SDKROOT = iphoneos;
				TARGETED_DEVICE_FAMILY = "1,2";
				VALIDATE_PRODUCT = YES;
			};
			name = Release;
		};
		81C8B39C17EBAB3200033D4F /* Debug */ = {
			isa = XCBuildConfiguration;
			buildSettings = {
				ARCHS = "$(ARCHS_STANDARD_INCLUDING_64_BIT)";
				ASSETCATALOG_COMPILER_APPICON_NAME = AppIcon;
				ASSETCATALOG_COMPILER_LAUNCHIMAGE_NAME = LaunchImage;
				CLANG_ENABLE_OBJC_ARC = YES;
				CODE_SIGN_IDENTITY = "iPhone Developer";
				"CODE_SIGN_IDENTITY[sdk=iphoneos*]" = "iPhone Developer";
				FRAMEWORK_SEARCH_PATHS = "";
				GCC_PRECOMPILE_PREFIX_HEADER = YES;
				GCC_PREFIX_HEADER = "sources/Cinequest-Prefix.pch";
				INFOPLIST_FILE = "resources/Cinequest-Info.plist";
				IPHONEOS_DEPLOYMENT_TARGET = 6.1;
				PRODUCT_NAME = "$(TARGET_NAME)";
				PROVISIONING_PROFILE = "";
				TARGETED_DEVICE_FAMILY = 1;
				WRAPPER_EXTENSION = app;
			};
			name = Debug;
		};
		81C8B39D17EBAB3200033D4F /* Release */ = {
			isa = XCBuildConfiguration;
			buildSettings = {
				ARCHS = "$(ARCHS_STANDARD_INCLUDING_64_BIT)";
				ASSETCATALOG_COMPILER_APPICON_NAME = AppIcon;
				ASSETCATALOG_COMPILER_LAUNCHIMAGE_NAME = LaunchImage;
				CLANG_ENABLE_OBJC_ARC = YES;
				CODE_SIGN_IDENTITY = "iPhone Developer";
				"CODE_SIGN_IDENTITY[sdk=iphoneos*]" = "iPhone Developer";
				FRAMEWORK_SEARCH_PATHS = "";
				GCC_PRECOMPILE_PREFIX_HEADER = YES;
				GCC_PREFIX_HEADER = "sources/Cinequest-Prefix.pch";
				INFOPLIST_FILE = "resources/Cinequest-Info.plist";
				IPHONEOS_DEPLOYMENT_TARGET = 6.1;
				PRODUCT_NAME = "$(TARGET_NAME)";
				PROVISIONING_PROFILE = "";
				TARGETED_DEVICE_FAMILY = 1;
				WRAPPER_EXTENSION = app;
			};
			name = Release;
		};
		C27139471828E8C900BF8DCB /* Debug */ = {
			isa = XCBuildConfiguration;
			buildSettings = {
				ALWAYS_SEARCH_USER_PATHS = NO;
				ARCHS = "$(ARCHS_STANDARD_INCLUDING_64_BIT)";
				BUNDLE_LOADER = "$(BUILT_PRODUCTS_DIR)/Cinequest.app/Cinequest";
				CLANG_ENABLE_MODULES = YES;
				CLANG_ENABLE_OBJC_ARC = YES;
				CLANG_WARN_BOOL_CONVERSION = YES;
				CLANG_WARN_DIRECT_OBJC_ISA_USAGE = YES_ERROR;
				CLANG_WARN_OBJC_ROOT_CLASS = YES_ERROR;
				FRAMEWORK_SEARCH_PATHS = (
					"$(SDKROOT)/Developer/Library/Frameworks",
					"$(inherited)",
					"$(DEVELOPER_FRAMEWORKS_DIR)",
				);
				GCC_PRECOMPILE_PREFIX_HEADER = YES;
				GCC_PREFIX_HEADER = "List of Shows Tests/List of Shows Tests-Prefix.pch";
				GCC_PREPROCESSOR_DEFINITIONS = (
					"DEBUG=1",
					"$(inherited)",
				);
				GCC_WARN_64_TO_32_BIT_CONVERSION = YES;
				GCC_WARN_ABOUT_RETURN_TYPE = YES_ERROR;
				GCC_WARN_UNDECLARED_SELECTOR = YES;
				GCC_WARN_UNUSED_FUNCTION = YES;
				INFOPLIST_FILE = "List of Shows Tests/List of Shows Tests-Info.plist";
				IPHONEOS_DEPLOYMENT_TARGET = 7.0;
				PRODUCT_NAME = "$(TARGET_NAME)";
				TEST_HOST = "$(BUNDLE_LOADER)";
				WRAPPER_EXTENSION = xctest;
			};
			name = Debug;
		};
		C27139481828E8C900BF8DCB /* Release */ = {
			isa = XCBuildConfiguration;
			buildSettings = {
				ALWAYS_SEARCH_USER_PATHS = NO;
				ARCHS = "$(ARCHS_STANDARD_INCLUDING_64_BIT)";
				BUNDLE_LOADER = "$(BUILT_PRODUCTS_DIR)/Cinequest.app/Cinequest";
				CLANG_ENABLE_MODULES = YES;
				CLANG_ENABLE_OBJC_ARC = YES;
				CLANG_WARN_BOOL_CONVERSION = YES;
				CLANG_WARN_DIRECT_OBJC_ISA_USAGE = YES_ERROR;
				CLANG_WARN_OBJC_ROOT_CLASS = YES_ERROR;
				ENABLE_NS_ASSERTIONS = NO;
				FRAMEWORK_SEARCH_PATHS = (
					"$(SDKROOT)/Developer/Library/Frameworks",
					"$(inherited)",
					"$(DEVELOPER_FRAMEWORKS_DIR)",
				);
				GCC_PRECOMPILE_PREFIX_HEADER = YES;
				GCC_PREFIX_HEADER = "List of Shows Tests/List of Shows Tests-Prefix.pch";
				GCC_WARN_64_TO_32_BIT_CONVERSION = YES;
				GCC_WARN_ABOUT_RETURN_TYPE = YES_ERROR;
				GCC_WARN_UNDECLARED_SELECTOR = YES;
				GCC_WARN_UNUSED_FUNCTION = YES;
				INFOPLIST_FILE = "List of Shows Tests/List of Shows Tests-Info.plist";
				IPHONEOS_DEPLOYMENT_TARGET = 7.0;
				PRODUCT_NAME = "$(TARGET_NAME)";
				TEST_HOST = "$(BUNDLE_LOADER)";
				WRAPPER_EXTENSION = xctest;
			};
			name = Release;
		};
/* End XCBuildConfiguration section */

/* Begin XCConfigurationList section */
		81C8B37917EBAB3200033D4F /* Build configuration list for PBXProject "Cinequest" */ = {
			isa = XCConfigurationList;
			buildConfigurations = (
				81C8B39917EBAB3200033D4F /* Debug */,
				81C8B39A17EBAB3200033D4F /* Release */,
			);
			defaultConfigurationIsVisible = 0;
			defaultConfigurationName = Release;
		};
		81C8B39B17EBAB3200033D4F /* Build configuration list for PBXNativeTarget "Cinequest" */ = {
			isa = XCConfigurationList;
			buildConfigurations = (
				81C8B39C17EBAB3200033D4F /* Debug */,
				81C8B39D17EBAB3200033D4F /* Release */,
			);
			defaultConfigurationIsVisible = 0;
			defaultConfigurationName = Release;
		};
		C27139461828E8C900BF8DCB /* Build configuration list for PBXNativeTarget "List of Shows Tests" */ = {
			isa = XCConfigurationList;
			buildConfigurations = (
				C27139471828E8C900BF8DCB /* Debug */,
				C27139481828E8C900BF8DCB /* Release */,
			);
			defaultConfigurationIsVisible = 0;
			defaultConfigurationName = Release;
		};
/* End XCConfigurationList section */
	};
	rootObject = 81C8B37617EBAB3200033D4F /* Project object */;
}
